// !$*UTF8*$!
{
	archiveVersion = 1;
	classes = {
	};
	objectVersion = 55;
	objects = {

/* Begin PBXBuildFile section */
		034FD4C7272A92800060F7F4 /* PurchaseOrderViewController.swift in Sources */ = {isa = PBXBuildFile; fileRef = 034FD4C6272A92800060F7F4 /* PurchaseOrderViewController.swift */; };
		034FD4C9272A92920060F7F4 /* PurchaseOverview.storyboard in Resources */ = {isa = PBXBuildFile; fileRef = 034FD4C8272A92920060F7F4 /* PurchaseOverview.storyboard */; };
		034FD4CB272A936E0060F7F4 /* ProductInformationTableViewController.swift in Sources */ = {isa = PBXBuildFile; fileRef = 034FD4CA272A936E0060F7F4 /* ProductInformationTableViewController.swift */; };
		034FD4CF272A9C900060F7F4 /* BudgetAllocationTableViewCell.swift in Sources */ = {isa = PBXBuildFile; fileRef = 034FD4CD272A9C900060F7F4 /* BudgetAllocationTableViewCell.swift */; };
		034FD4D0272A9C900060F7F4 /* BudgetAllocationTableViewCell.xib in Resources */ = {isa = PBXBuildFile; fileRef = 034FD4CE272A9C900060F7F4 /* BudgetAllocationTableViewCell.xib */; };
		034FD4D6272AAD9D0060F7F4 /* BudgetAllocationOverviewTableViewController.swift in Sources */ = {isa = PBXBuildFile; fileRef = 034FD4D5272AAD9D0060F7F4 /* BudgetAllocationOverviewTableViewController.swift */; };
		0751401B272AEDF300984C4F /* SavingsBudgetTableViewCell.swift in Sources */ = {isa = PBXBuildFile; fileRef = 07514019272AEDF300984C4F /* SavingsBudgetTableViewCell.swift */; };
		0751401C272AEDF300984C4F /* SavingsBudgetTableViewCell.xib in Resources */ = {isa = PBXBuildFile; fileRef = 0751401A272AEDF300984C4F /* SavingsBudgetTableViewCell.xib */; };
		07545F7B27296BAB002E422A /* OtherBudgetTableViewCell.swift in Sources */ = {isa = PBXBuildFile; fileRef = 07545F7927296BAB002E422A /* OtherBudgetTableViewCell.swift */; };
		076669F5272C3D8700C02B20 /* PurchaseSameItemViewController.swift in Sources */ = {isa = PBXBuildFile; fileRef = 076669F4272C3D8700C02B20 /* PurchaseSameItemViewController.swift */; };
		076669F7272C3D9800C02B20 /* PurchaseSameItem.storyboard in Resources */ = {isa = PBXBuildFile; fileRef = 076669F6272C3D9800C02B20 /* PurchaseSameItem.storyboard */; };
		076669FB272C411F00C02B20 /* PurchaseSameItemTableViewCell.swift in Sources */ = {isa = PBXBuildFile; fileRef = 076669F9272C411F00C02B20 /* PurchaseSameItemTableViewCell.swift */; };
		076669FC272C411F00C02B20 /* PurchaseSameItemTableViewCell.xib in Resources */ = {isa = PBXBuildFile; fileRef = 076669FA272C411F00C02B20 /* PurchaseSameItemTableViewCell.xib */; };
		078A1B972729113000813423 /* OtherBudgetCellView.xib in Resources */ = {isa = PBXBuildFile; fileRef = 078A1B962729113000813423 /* OtherBudgetCellView.xib */; };
		078A67DC272B08E800B60DF5 /* WishlistDetailView.swift in Sources */ = {isa = PBXBuildFile; fileRef = C63E3341272A89C500A08D06 /* WishlistDetailView.swift */; };
		078A67DD272B0ACA00B60DF5 /* HobbySavingsCellView.swift in Sources */ = {isa = PBXBuildFile; fileRef = 07D094F92728458100DD0716 /* HobbySavingsCellView.swift */; };
		078A67DE272B0C2D00B60DF5 /* HobbySavingsCellView.xib in Resources */ = {isa = PBXBuildFile; fileRef = 07D094FB2728459A00DD0716 /* HobbySavingsCellView.xib */; };
		07D094FE27285A6200DD0716 /* SavingsViewController.swift in Sources */ = {isa = PBXBuildFile; fileRef = 07D094FD27285A6200DD0716 /* SavingsViewController.swift */; };
		190EA09F272B8AB600479D32 /* PurchaseAllocateBudgetTableViewCell.swift in Sources */ = {isa = PBXBuildFile; fileRef = 190EA09D272B8AB600479D32 /* PurchaseAllocateBudgetTableViewCell.swift */; };
		190EA0A0272B8AB600479D32 /* PurchaseAllocateBudgetTableViewCell.xib in Resources */ = {isa = PBXBuildFile; fileRef = 190EA09E272B8AB600479D32 /* PurchaseAllocateBudgetTableViewCell.xib */; };
		190EA0A2272B8F5300479D32 /* PurchaseOtherBudgetAllocation.storyboard in Resources */ = {isa = PBXBuildFile; fileRef = 190EA0A1272B8F5300479D32 /* PurchaseOtherBudgetAllocation.storyboard */; };
		190EA0A4272B8FBB00479D32 /* PurchaseOtherBudgetAllocationViewController.swift in Sources */ = {isa = PBXBuildFile; fileRef = 190EA0A3272B8FBB00479D32 /* PurchaseOtherBudgetAllocationViewController.swift */; };
		190EA0A7272B90B900479D32 /* InsufficientAmountView.swift in Sources */ = {isa = PBXBuildFile; fileRef = 190EA0A6272B90B900479D32 /* InsufficientAmountView.swift */; };
		193D48FF2728EFC300F46C30 /* WishListViewController.swift in Sources */ = {isa = PBXBuildFile; fileRef = 193D48FE2728EFC300F46C30 /* WishListViewController.swift */; };
		193D4906272923B100F46C30 /* WishListViewModel.swift in Sources */ = {isa = PBXBuildFile; fileRef = 193D4905272923B100F46C30 /* WishListViewModel.swift */; };
		193D4909272924B200F46C30 /* WishListCellModel.swift in Sources */ = {isa = PBXBuildFile; fileRef = 193D4908272924B200F46C30 /* WishListCellModel.swift */; };
		1942C9C7272C4BB400E76586 /* BudgetAllocationTableView.swift in Sources */ = {isa = PBXBuildFile; fileRef = 1942C9C6272C4BB400E76586 /* BudgetAllocationTableView.swift */; };
		1942C9C9272C4FA700E76586 /* PurchaseOtherBudgetAllocationViewModel.swift in Sources */ = {isa = PBXBuildFile; fileRef = 1942C9C8272C4FA700E76586 /* PurchaseOtherBudgetAllocationViewModel.swift */; };
		19A773682728406300219AE7 /* WishlistTableViewCell.swift in Sources */ = {isa = PBXBuildFile; fileRef = 19A773662728406300219AE7 /* WishlistTableViewCell.swift */; };
		19A773692728406300219AE7 /* WishlistTableViewCell.xib in Resources */ = {isa = PBXBuildFile; fileRef = 19A773672728406300219AE7 /* WishlistTableViewCell.xib */; };
		19A7736C2728411000219AE7 /* UICustom.swift in Sources */ = {isa = PBXBuildFile; fileRef = 19A7736B2728411000219AE7 /* UICustom.swift */; };
		19EDF03D2727CE7300AF54A7 /* AppDelegate.swift in Sources */ = {isa = PBXBuildFile; fileRef = 19EDF03C2727CE7300AF54A7 /* AppDelegate.swift */; };
		19EDF03F2727CE7300AF54A7 /* SceneDelegate.swift in Sources */ = {isa = PBXBuildFile; fileRef = 19EDF03E2727CE7300AF54A7 /* SceneDelegate.swift */; };
		19EDF0412727CE7300AF54A7 /* ViewController.swift in Sources */ = {isa = PBXBuildFile; fileRef = 19EDF0402727CE7300AF54A7 /* ViewController.swift */; };
		19EDF0442727CE7300AF54A7 /* Main.storyboard in Resources */ = {isa = PBXBuildFile; fileRef = 19EDF0422727CE7300AF54A7 /* Main.storyboard */; };
		19EDF0472727CE7300AF54A7 /* MEGapps.xcdatamodeld in Sources */ = {isa = PBXBuildFile; fileRef = 19EDF0452727CE7300AF54A7 /* MEGapps.xcdatamodeld */; };
		19EDF0492727CE7400AF54A7 /* Assets.xcassets in Resources */ = {isa = PBXBuildFile; fileRef = 19EDF0482727CE7400AF54A7 /* Assets.xcassets */; };
		19EDF04C2727CE7400AF54A7 /* LaunchScreen.storyboard in Resources */ = {isa = PBXBuildFile; fileRef = 19EDF04A2727CE7400AF54A7 /* LaunchScreen.storyboard */; };
		19EDF0572727CE7400AF54A7 /* MEGappsTests.swift in Sources */ = {isa = PBXBuildFile; fileRef = 19EDF0562727CE7400AF54A7 /* MEGappsTests.swift */; };
		19EDF0612727CE7400AF54A7 /* MEGappsUITests.swift in Sources */ = {isa = PBXBuildFile; fileRef = 19EDF0602727CE7400AF54A7 /* MEGappsUITests.swift */; };
		19EDF0632727CE7400AF54A7 /* MEGappsUITestsLaunchTests.swift in Sources */ = {isa = PBXBuildFile; fileRef = 19EDF0622727CE7400AF54A7 /* MEGappsUITestsLaunchTests.swift */; };
		19EDF0A827283E1400AF54A7 /* Savings.storyboard in Resources */ = {isa = PBXBuildFile; fileRef = 19EDF0A627283E1400AF54A7 /* Savings.storyboard */; };
		19EDF0AA27283E3400AF54A7 /* Wishlist.storyboard in Resources */ = {isa = PBXBuildFile; fileRef = 19EDF0A927283E3400AF54A7 /* Wishlist.storyboard */; };
		19EDF0AD27283E5500AF54A7 /* OtherBudget.storyboard in Resources */ = {isa = PBXBuildFile; fileRef = 19EDF0AB27283E5500AF54A7 /* OtherBudget.storyboard */; };
		C63E3342272A89C500A08D06 /* WishlistDetailViewController.swift in Sources */ = {isa = PBXBuildFile; fileRef = C63E333F272A89C500A08D06 /* WishlistDetailViewController.swift */; };
		C63E3343272A89C500A08D06 /* WishlistDetailViewModel.swift in Sources */ = {isa = PBXBuildFile; fileRef = C63E3340272A89C500A08D06 /* WishlistDetailViewModel.swift */; };
		C6974C3F272BABF6007EA0C7 /* ViewExtension.swift in Sources */ = {isa = PBXBuildFile; fileRef = C6974C3E272BABF6007EA0C7 /* ViewExtension.swift */; };
		C6974C41272BAC67007EA0C7 /* PurchaseProductView.swift in Sources */ = {isa = PBXBuildFile; fileRef = C6974C40272BAC67007EA0C7 /* PurchaseProductView.swift */; };
		C6974C43272BAC7C007EA0C7 /* PurchaseProductViewContoller.swift in Sources */ = {isa = PBXBuildFile; fileRef = C6974C42272BAC7C007EA0C7 /* PurchaseProductViewContoller.swift */; };
		C6974C45272BAC87007EA0C7 /* PurchaseProductViewModel.swift in Sources */ = {isa = PBXBuildFile; fileRef = C6974C44272BAC87007EA0C7 /* PurchaseProductViewModel.swift */; };
		C6974C48272BE734007EA0C7 /* CustomSingleTableViewCell.swift in Sources */ = {isa = PBXBuildFile; fileRef = C6974C47272BE734007EA0C7 /* CustomSingleTableViewCell.swift */; };
		C6974C4A272BF2EC007EA0C7 /* CustomDoubleTableViewCell.swift in Sources */ = {isa = PBXBuildFile; fileRef = C6974C49272BF2EC007EA0C7 /* CustomDoubleTableViewCell.swift */; };
		C6974C4C272BF83F007EA0C7 /* DoubleClassModel.swift in Sources */ = {isa = PBXBuildFile; fileRef = C6974C4B272BF83F007EA0C7 /* DoubleClassModel.swift */; };
		C6974C4E272BFA12007EA0C7 /* CustomActionTableViewCell.swift in Sources */ = {isa = PBXBuildFile; fileRef = C6974C4D272BFA12007EA0C7 /* CustomActionTableViewCell.swift */; };
		F9681CB9272A21C500941894 /* PurchaseAddView.swift in Sources */ = {isa = PBXBuildFile; fileRef = F9681CB8272A21C500941894 /* PurchaseAddView.swift */; };
		F9681CBF272AAD4000941894 /* PurchaseCategory.storyboard in Resources */ = {isa = PBXBuildFile; fileRef = F9681CBE272AAD4000941894 /* PurchaseCategory.storyboard */; };
		F9681CC1272AADD100941894 /* PurchaseCategoryView.swift in Sources */ = {isa = PBXBuildFile; fileRef = F9681CC0272AADD100941894 /* PurchaseCategoryView.swift */; };
		F9838B912730EF130038D041 /* OtherBudgetViewController.swift in Sources */ = {isa = PBXBuildFile; fileRef = F9838B902730EF130038D041 /* OtherBudgetViewController.swift */; };
		F9838B922730FE7F0038D041 /* OtherBudgetTableViewCell.xib in Resources */ = {isa = PBXBuildFile; fileRef = 07545F7A27296BAB002E422A /* OtherBudgetTableViewCell.xib */; };
		F9E596762728FDF200F37B9A /* PurchaseAdd.storyboard in Resources */ = {isa = PBXBuildFile; fileRef = F9E596752728FDF200F37B9A /* PurchaseAdd.storyboard */; };
/* End PBXBuildFile section */

/* Begin PBXContainerItemProxy section */
		19EDF0532727CE7400AF54A7 /* PBXContainerItemProxy */ = {
			isa = PBXContainerItemProxy;
			containerPortal = 19EDF0312727CE7300AF54A7 /* Project object */;
			proxyType = 1;
			remoteGlobalIDString = 19EDF0382727CE7300AF54A7;
			remoteInfo = MEGapps;
		};
		19EDF05D2727CE7400AF54A7 /* PBXContainerItemProxy */ = {
			isa = PBXContainerItemProxy;
			containerPortal = 19EDF0312727CE7300AF54A7 /* Project object */;
			proxyType = 1;
			remoteGlobalIDString = 19EDF0382727CE7300AF54A7;
			remoteInfo = MEGapps;
		};
/* End PBXContainerItemProxy section */

/* Begin PBXFileReference section */
		034FD4C6272A92800060F7F4 /* PurchaseOrderViewController.swift */ = {isa = PBXFileReference; lastKnownFileType = sourcecode.swift; path = PurchaseOrderViewController.swift; sourceTree = "<group>"; };
		034FD4C8272A92920060F7F4 /* PurchaseOverview.storyboard */ = {isa = PBXFileReference; lastKnownFileType = file.storyboard; path = PurchaseOverview.storyboard; sourceTree = "<group>"; };
		034FD4CA272A936E0060F7F4 /* ProductInformationTableViewController.swift */ = {isa = PBXFileReference; lastKnownFileType = sourcecode.swift; path = ProductInformationTableViewController.swift; sourceTree = "<group>"; };
		034FD4CD272A9C900060F7F4 /* BudgetAllocationTableViewCell.swift */ = {isa = PBXFileReference; lastKnownFileType = sourcecode.swift; path = BudgetAllocationTableViewCell.swift; sourceTree = "<group>"; };
		034FD4CE272A9C900060F7F4 /* BudgetAllocationTableViewCell.xib */ = {isa = PBXFileReference; lastKnownFileType = file.xib; path = BudgetAllocationTableViewCell.xib; sourceTree = "<group>"; };
		034FD4D5272AAD9D0060F7F4 /* BudgetAllocationOverviewTableViewController.swift */ = {isa = PBXFileReference; lastKnownFileType = sourcecode.swift; path = BudgetAllocationOverviewTableViewController.swift; sourceTree = "<group>"; };
		07514019272AEDF300984C4F /* SavingsBudgetTableViewCell.swift */ = {isa = PBXFileReference; lastKnownFileType = sourcecode.swift; path = SavingsBudgetTableViewCell.swift; sourceTree = "<group>"; };
		0751401A272AEDF300984C4F /* SavingsBudgetTableViewCell.xib */ = {isa = PBXFileReference; lastKnownFileType = file.xib; path = SavingsBudgetTableViewCell.xib; sourceTree = "<group>"; };
		07545F7927296BAB002E422A /* OtherBudgetTableViewCell.swift */ = {isa = PBXFileReference; lastKnownFileType = sourcecode.swift; path = OtherBudgetTableViewCell.swift; sourceTree = "<group>"; };
		07545F7A27296BAB002E422A /* OtherBudgetTableViewCell.xib */ = {isa = PBXFileReference; lastKnownFileType = file.xib; path = OtherBudgetTableViewCell.xib; sourceTree = "<group>"; };
		076669F4272C3D8700C02B20 /* PurchaseSameItemViewController.swift */ = {isa = PBXFileReference; lastKnownFileType = sourcecode.swift; path = PurchaseSameItemViewController.swift; sourceTree = "<group>"; };
		076669F6272C3D9800C02B20 /* PurchaseSameItem.storyboard */ = {isa = PBXFileReference; lastKnownFileType = file.storyboard; path = PurchaseSameItem.storyboard; sourceTree = "<group>"; };
		076669F9272C411F00C02B20 /* PurchaseSameItemTableViewCell.swift */ = {isa = PBXFileReference; lastKnownFileType = sourcecode.swift; path = PurchaseSameItemTableViewCell.swift; sourceTree = "<group>"; };
		076669FA272C411F00C02B20 /* PurchaseSameItemTableViewCell.xib */ = {isa = PBXFileReference; lastKnownFileType = file.xib; path = PurchaseSameItemTableViewCell.xib; sourceTree = "<group>"; };
		078A1B942729112700813423 /* OtherBudgetCellView.swift */ = {isa = PBXFileReference; lastKnownFileType = sourcecode.swift; path = OtherBudgetCellView.swift; sourceTree = "<group>"; };
		078A1B962729113000813423 /* OtherBudgetCellView.xib */ = {isa = PBXFileReference; lastKnownFileType = file.xib; path = OtherBudgetCellView.xib; sourceTree = "<group>"; };
		07D094F92728458100DD0716 /* HobbySavingsCellView.swift */ = {isa = PBXFileReference; lastKnownFileType = sourcecode.swift; path = HobbySavingsCellView.swift; sourceTree = "<group>"; };
		07D094FB2728459A00DD0716 /* HobbySavingsCellView.xib */ = {isa = PBXFileReference; lastKnownFileType = file.xib; path = HobbySavingsCellView.xib; sourceTree = "<group>"; };
		07D094FD27285A6200DD0716 /* SavingsViewController.swift */ = {isa = PBXFileReference; lastKnownFileType = sourcecode.swift; path = SavingsViewController.swift; sourceTree = "<group>"; };
		190EA09D272B8AB600479D32 /* PurchaseAllocateBudgetTableViewCell.swift */ = {isa = PBXFileReference; lastKnownFileType = sourcecode.swift; path = PurchaseAllocateBudgetTableViewCell.swift; sourceTree = "<group>"; };
		190EA09E272B8AB600479D32 /* PurchaseAllocateBudgetTableViewCell.xib */ = {isa = PBXFileReference; lastKnownFileType = file.xib; path = PurchaseAllocateBudgetTableViewCell.xib; sourceTree = "<group>"; };
		190EA0A1272B8F5300479D32 /* PurchaseOtherBudgetAllocation.storyboard */ = {isa = PBXFileReference; lastKnownFileType = file.storyboard; name = PurchaseOtherBudgetAllocation.storyboard; path = MEGapps/Common/PurchaseAllocateBudgetCell/PurchaseOtherBudgetAllocation.storyboard; sourceTree = SOURCE_ROOT; };
		190EA0A3272B8FBB00479D32 /* PurchaseOtherBudgetAllocationViewController.swift */ = {isa = PBXFileReference; lastKnownFileType = sourcecode.swift; path = PurchaseOtherBudgetAllocationViewController.swift; sourceTree = "<group>"; };
		190EA0A6272B90B900479D32 /* InsufficientAmountView.swift */ = {isa = PBXFileReference; lastKnownFileType = sourcecode.swift; path = InsufficientAmountView.swift; sourceTree = "<group>"; };
		193D48FE2728EFC300F46C30 /* WishListViewController.swift */ = {isa = PBXFileReference; lastKnownFileType = sourcecode.swift; path = WishListViewController.swift; sourceTree = "<group>"; };
		193D4905272923B100F46C30 /* WishListViewModel.swift */ = {isa = PBXFileReference; lastKnownFileType = sourcecode.swift; path = WishListViewModel.swift; sourceTree = "<group>"; };
		193D4908272924B200F46C30 /* WishListCellModel.swift */ = {isa = PBXFileReference; lastKnownFileType = sourcecode.swift; path = WishListCellModel.swift; sourceTree = "<group>"; };
		1942C9C6272C4BB400E76586 /* BudgetAllocationTableView.swift */ = {isa = PBXFileReference; lastKnownFileType = sourcecode.swift; path = BudgetAllocationTableView.swift; sourceTree = "<group>"; };
		1942C9C8272C4FA700E76586 /* PurchaseOtherBudgetAllocationViewModel.swift */ = {isa = PBXFileReference; lastKnownFileType = sourcecode.swift; path = PurchaseOtherBudgetAllocationViewModel.swift; sourceTree = "<group>"; };
		19A773662728406300219AE7 /* WishlistTableViewCell.swift */ = {isa = PBXFileReference; lastKnownFileType = sourcecode.swift; path = WishlistTableViewCell.swift; sourceTree = "<group>"; };
		19A773672728406300219AE7 /* WishlistTableViewCell.xib */ = {isa = PBXFileReference; lastKnownFileType = file.xib; path = WishlistTableViewCell.xib; sourceTree = "<group>"; };
		19A7736B2728411000219AE7 /* UICustom.swift */ = {isa = PBXFileReference; lastKnownFileType = sourcecode.swift; path = UICustom.swift; sourceTree = "<group>"; };
		19EDF0392727CE7300AF54A7 /* MEGapps.app */ = {isa = PBXFileReference; explicitFileType = wrapper.application; includeInIndex = 0; path = MEGapps.app; sourceTree = BUILT_PRODUCTS_DIR; };
		19EDF03C2727CE7300AF54A7 /* AppDelegate.swift */ = {isa = PBXFileReference; lastKnownFileType = sourcecode.swift; path = AppDelegate.swift; sourceTree = "<group>"; };
		19EDF03E2727CE7300AF54A7 /* SceneDelegate.swift */ = {isa = PBXFileReference; lastKnownFileType = sourcecode.swift; path = SceneDelegate.swift; sourceTree = "<group>"; };
		19EDF0402727CE7300AF54A7 /* ViewController.swift */ = {isa = PBXFileReference; lastKnownFileType = sourcecode.swift; path = ViewController.swift; sourceTree = "<group>"; };
		19EDF0432727CE7300AF54A7 /* Base */ = {isa = PBXFileReference; lastKnownFileType = file.storyboard; name = Base; path = Base.lproj/Main.storyboard; sourceTree = "<group>"; };
		19EDF0462727CE7300AF54A7 /* MEGapps.xcdatamodel */ = {isa = PBXFileReference; lastKnownFileType = wrapper.xcdatamodel; path = MEGapps.xcdatamodel; sourceTree = "<group>"; };
		19EDF0482727CE7400AF54A7 /* Assets.xcassets */ = {isa = PBXFileReference; lastKnownFileType = folder.assetcatalog; path = Assets.xcassets; sourceTree = "<group>"; };
		19EDF04B2727CE7400AF54A7 /* Base */ = {isa = PBXFileReference; lastKnownFileType = file.storyboard; name = Base; path = Base.lproj/LaunchScreen.storyboard; sourceTree = "<group>"; };
		19EDF04D2727CE7400AF54A7 /* Info.plist */ = {isa = PBXFileReference; lastKnownFileType = text.plist.xml; path = Info.plist; sourceTree = "<group>"; };
		19EDF0522727CE7400AF54A7 /* MEGappsTests.xctest */ = {isa = PBXFileReference; explicitFileType = wrapper.cfbundle; includeInIndex = 0; path = MEGappsTests.xctest; sourceTree = BUILT_PRODUCTS_DIR; };
		19EDF0562727CE7400AF54A7 /* MEGappsTests.swift */ = {isa = PBXFileReference; lastKnownFileType = sourcecode.swift; path = MEGappsTests.swift; sourceTree = "<group>"; };
		19EDF05C2727CE7400AF54A7 /* MEGappsUITests.xctest */ = {isa = PBXFileReference; explicitFileType = wrapper.cfbundle; includeInIndex = 0; path = MEGappsUITests.xctest; sourceTree = BUILT_PRODUCTS_DIR; };
		19EDF0602727CE7400AF54A7 /* MEGappsUITests.swift */ = {isa = PBXFileReference; lastKnownFileType = sourcecode.swift; path = MEGappsUITests.swift; sourceTree = "<group>"; };
		19EDF0622727CE7400AF54A7 /* MEGappsUITestsLaunchTests.swift */ = {isa = PBXFileReference; lastKnownFileType = sourcecode.swift; path = MEGappsUITestsLaunchTests.swift; sourceTree = "<group>"; };
		19EDF0A727283E1400AF54A7 /* Base */ = {isa = PBXFileReference; lastKnownFileType = file.storyboard; name = Base; path = MEGapps/Base.lproj/Savings.storyboard; sourceTree = "<group>"; };
		19EDF0A927283E3400AF54A7 /* Wishlist.storyboard */ = {isa = PBXFileReference; fileEncoding = 4; lastKnownFileType = file.storyboard; path = Wishlist.storyboard; sourceTree = "<group>"; };
		19EDF0AC27283E5500AF54A7 /* Base */ = {isa = PBXFileReference; lastKnownFileType = file.storyboard; name = Base; path = MEGapps/Base.lproj/OtherBudget.storyboard; sourceTree = "<group>"; };
		C63E333F272A89C500A08D06 /* WishlistDetailViewController.swift */ = {isa = PBXFileReference; fileEncoding = 4; lastKnownFileType = sourcecode.swift; path = WishlistDetailViewController.swift; sourceTree = "<group>"; };
		C63E3340272A89C500A08D06 /* WishlistDetailViewModel.swift */ = {isa = PBXFileReference; fileEncoding = 4; lastKnownFileType = sourcecode.swift; path = WishlistDetailViewModel.swift; sourceTree = "<group>"; };
		C63E3341272A89C500A08D06 /* WishlistDetailView.swift */ = {isa = PBXFileReference; fileEncoding = 4; lastKnownFileType = sourcecode.swift; path = WishlistDetailView.swift; sourceTree = "<group>"; };
		C6974C3E272BABF6007EA0C7 /* ViewExtension.swift */ = {isa = PBXFileReference; fileEncoding = 4; lastKnownFileType = sourcecode.swift; path = ViewExtension.swift; sourceTree = "<group>"; };
		C6974C40272BAC67007EA0C7 /* PurchaseProductView.swift */ = {isa = PBXFileReference; lastKnownFileType = sourcecode.swift; name = PurchaseProductView.swift; path = MEGapps/ModuleWishlist/Purchase/PurchaseProduct/PurchaseProductView.swift; sourceTree = SOURCE_ROOT; };
		C6974C42272BAC7C007EA0C7 /* PurchaseProductViewContoller.swift */ = {isa = PBXFileReference; lastKnownFileType = sourcecode.swift; name = PurchaseProductViewContoller.swift; path = MEGapps/ModuleWishlist/Purchase/PurchaseProduct/PurchaseProductViewContoller.swift; sourceTree = SOURCE_ROOT; };
		C6974C44272BAC87007EA0C7 /* PurchaseProductViewModel.swift */ = {isa = PBXFileReference; lastKnownFileType = sourcecode.swift; name = PurchaseProductViewModel.swift; path = MEGapps/ModuleWishlist/Purchase/PurchaseProduct/PurchaseProductViewModel.swift; sourceTree = SOURCE_ROOT; };
		C6974C47272BE734007EA0C7 /* CustomSingleTableViewCell.swift */ = {isa = PBXFileReference; lastKnownFileType = sourcecode.swift; path = CustomSingleTableViewCell.swift; sourceTree = "<group>"; };
		C6974C49272BF2EC007EA0C7 /* CustomDoubleTableViewCell.swift */ = {isa = PBXFileReference; lastKnownFileType = sourcecode.swift; path = CustomDoubleTableViewCell.swift; sourceTree = "<group>"; };
		C6974C4B272BF83F007EA0C7 /* DoubleClassModel.swift */ = {isa = PBXFileReference; lastKnownFileType = sourcecode.swift; path = DoubleClassModel.swift; sourceTree = "<group>"; };
		C6974C4D272BFA12007EA0C7 /* CustomActionTableViewCell.swift */ = {isa = PBXFileReference; lastKnownFileType = sourcecode.swift; path = CustomActionTableViewCell.swift; sourceTree = "<group>"; };
		F9681CB8272A21C500941894 /* PurchaseAddView.swift */ = {isa = PBXFileReference; lastKnownFileType = sourcecode.swift; path = PurchaseAddView.swift; sourceTree = SOURCE_ROOT; };
		F9681CBE272AAD4000941894 /* PurchaseCategory.storyboard */ = {isa = PBXFileReference; lastKnownFileType = file.storyboard; name = PurchaseCategory.storyboard; path = MEGapps/ModuleWishlist/WishList/PurchaseCategory.storyboard; sourceTree = SOURCE_ROOT; };
		F9681CC0272AADD100941894 /* PurchaseCategoryView.swift */ = {isa = PBXFileReference; lastKnownFileType = sourcecode.swift; name = PurchaseCategoryView.swift; path = MEGapps/ModuleWishlist/WishList/PurchaseCategoryView.swift; sourceTree = SOURCE_ROOT; };
		F9838B902730EF130038D041 /* OtherBudgetViewController.swift */ = {isa = PBXFileReference; lastKnownFileType = sourcecode.swift; path = OtherBudgetViewController.swift; sourceTree = "<group>"; };
		F9E596752728FDF200F37B9A /* PurchaseAdd.storyboard */ = {isa = PBXFileReference; lastKnownFileType = file.storyboard; path = PurchaseAdd.storyboard; sourceTree = SOURCE_ROOT; };
/* End PBXFileReference section */

/* Begin PBXFrameworksBuildPhase section */
		19EDF0362727CE7300AF54A7 /* Frameworks */ = {
			isa = PBXFrameworksBuildPhase;
			buildActionMask = 2147483647;
			files = (
			);
			runOnlyForDeploymentPostprocessing = 0;
		};
		19EDF04F2727CE7400AF54A7 /* Frameworks */ = {
			isa = PBXFrameworksBuildPhase;
			buildActionMask = 2147483647;
			files = (
			);
			runOnlyForDeploymentPostprocessing = 0;
		};
		19EDF0592727CE7400AF54A7 /* Frameworks */ = {
			isa = PBXFrameworksBuildPhase;
			buildActionMask = 2147483647;
			files = (
			);
			runOnlyForDeploymentPostprocessing = 0;
		};
/* End PBXFrameworksBuildPhase section */

/* Begin PBXGroup section */
		034FD4CC272A9C350060F7F4 /* BudgetAllocationTableView */ = {
			isa = PBXGroup;
			children = (
				034FD4CD272A9C900060F7F4 /* BudgetAllocationTableViewCell.swift */,
				034FD4CE272A9C900060F7F4 /* BudgetAllocationTableViewCell.xib */,
			);
			path = BudgetAllocationTableView;
			sourceTree = "<group>";
		};
		07514018272AEDC000984C4F /* SavingsBudgetCell */ = {
			isa = PBXGroup;
			children = (
				07514019272AEDF300984C4F /* SavingsBudgetTableViewCell.swift */,
				0751401A272AEDF300984C4F /* SavingsBudgetTableViewCell.xib */,
			);
			path = SavingsBudgetCell;
			sourceTree = "<group>";
		};
		076669F8272C40E400C02B20 /* PurchaseSameItemCell */ = {
			isa = PBXGroup;
			children = (
				076669F9272C411F00C02B20 /* PurchaseSameItemTableViewCell.swift */,
				076669FA272C411F00C02B20 /* PurchaseSameItemTableViewCell.xib */,
			);
			path = PurchaseSameItemCell;
			sourceTree = "<group>";
		};
		078A1B922729100800813423 /* OtherBudgetCell */ = {
			isa = PBXGroup;
			children = (
				078A1B942729112700813423 /* OtherBudgetCellView.swift */,
				078A1B962729113000813423 /* OtherBudgetCellView.xib */,
				07545F7927296BAB002E422A /* OtherBudgetTableViewCell.swift */,
				07545F7A27296BAB002E422A /* OtherBudgetTableViewCell.xib */,
			);
			path = OtherBudgetCell;
			sourceTree = "<group>";
		};
		07D094F22728438300DD0716 /* HobbySavingsCell */ = {
			isa = PBXGroup;
			children = (
				07D094F92728458100DD0716 /* HobbySavingsCellView.swift */,
				07D094FB2728459A00DD0716 /* HobbySavingsCellView.xib */,
			);
			path = HobbySavingsCell;
			sourceTree = "<group>";
		};
		190EA09C272B8A8500479D32 /* PurchaseAllocateBudgetCell */ = {
			isa = PBXGroup;
			children = (
				190EA09D272B8AB600479D32 /* PurchaseAllocateBudgetTableViewCell.swift */,
				190EA09E272B8AB600479D32 /* PurchaseAllocateBudgetTableViewCell.xib */,
			);
			path = PurchaseAllocateBudgetCell;
			sourceTree = "<group>";
		};
		190EA0A5272B909600479D32 /* InsufficientAmountView */ = {
			isa = PBXGroup;
			children = (
				190EA0A6272B90B900479D32 /* InsufficientAmountView.swift */,
			);
			path = InsufficientAmountView;
			sourceTree = "<group>";
		};
		193D49072729249F00F46C30 /* WishListCellModel */ = {
			isa = PBXGroup;
			children = (
				193D4908272924B200F46C30 /* WishListCellModel.swift */,
			);
			path = WishListCellModel;
			sourceTree = "<group>";
		};
		1942C9C5272C4B8900E76586 /* BudgetAllocationTableView */ = {
			isa = PBXGroup;
			children = (
				1942C9C6272C4BB400E76586 /* BudgetAllocationTableView.swift */,
			);
			path = BudgetAllocationTableView;
			sourceTree = "<group>";
		};
		19A773652728401600219AE7 /* WishlistCell */ = {
			isa = PBXGroup;
			children = (
				19A773662728406300219AE7 /* WishlistTableViewCell.swift */,
				19A773672728406300219AE7 /* WishlistTableViewCell.xib */,
			);
			path = WishlistCell;
			sourceTree = "<group>";
		};
		19A7736A2728410000219AE7 /* UICustom */ = {
			isa = PBXGroup;
			children = (
				19A7736B2728411000219AE7 /* UICustom.swift */,
			);
			path = UICustom;
			sourceTree = "<group>";
		};
		19EDF0302727CE7300AF54A7 = {
			isa = PBXGroup;
			children = (
				19EDF03B2727CE7300AF54A7 /* MEGapps */,
				19EDF0552727CE7400AF54A7 /* MEGappsTests */,
				19EDF05F2727CE7400AF54A7 /* MEGappsUITests */,
				19EDF03A2727CE7300AF54A7 /* Products */,
			);
			sourceTree = "<group>";
		};
		19EDF03A2727CE7300AF54A7 /* Products */ = {
			isa = PBXGroup;
			children = (
				19EDF0392727CE7300AF54A7 /* MEGapps.app */,
				19EDF0522727CE7400AF54A7 /* MEGappsTests.xctest */,
				19EDF05C2727CE7400AF54A7 /* MEGappsUITests.xctest */,
			);
			name = Products;
			sourceTree = "<group>";
		};
		19EDF03B2727CE7300AF54A7 /* MEGapps */ = {
			isa = PBXGroup;
			children = (
				C6974C3D272BABF6007EA0C7 /* Extension */,
				19EDF0942727D79B00AF54A7 /* Common */,
				19EDF0922727D78B00AF54A7 /* Services */,
				19EDF0752727D05600AF54A7 /* ModuleWishlist */,
				19EDF0722727D02D00AF54A7 /* ModuleSavings */,
				19EDF0702727CFDC00AF54A7 /* ModuleOtherBudget */,
				19EDF06F2727CFD400AF54A7 /* Model */,
				19EDF0402727CE7300AF54A7 /* ViewController.swift */,
				19EDF0422727CE7300AF54A7 /* Main.storyboard */,
				19EDF0482727CE7400AF54A7 /* Assets.xcassets */,
				19EDF04A2727CE7400AF54A7 /* LaunchScreen.storyboard */,
				19EDF04D2727CE7400AF54A7 /* Info.plist */,
				19EDF0452727CE7300AF54A7 /* MEGapps.xcdatamodeld */,
			);
			path = MEGapps;
			sourceTree = "<group>";
		};
		19EDF0552727CE7400AF54A7 /* MEGappsTests */ = {
			isa = PBXGroup;
			children = (
				19EDF0562727CE7400AF54A7 /* MEGappsTests.swift */,
			);
			path = MEGappsTests;
			sourceTree = "<group>";
		};
		19EDF05F2727CE7400AF54A7 /* MEGappsUITests */ = {
			isa = PBXGroup;
			children = (
				19EDF0602727CE7400AF54A7 /* MEGappsUITests.swift */,
				19EDF0622727CE7400AF54A7 /* MEGappsUITestsLaunchTests.swift */,
			);
			path = MEGappsUITests;
			sourceTree = "<group>";
		};
		19EDF06F2727CFD400AF54A7 /* Model */ = {
			isa = PBXGroup;
			children = (
				193D49072729249F00F46C30 /* WishListCellModel */,
				C6974C4B272BF83F007EA0C7 /* DoubleClassModel.swift */,
			);
			path = Model;
			sourceTree = "<group>";
		};
		19EDF0702727CFDC00AF54A7 /* ModuleOtherBudget */ = {
			isa = PBXGroup;
			children = (
				19EDF0732727D03300AF54A7 /* BudgetAdd */,
				19EDF0742727D03D00AF54A7 /* BudgetList */,
			);
			path = ModuleOtherBudget;
			sourceTree = "<group>";
		};
		19EDF0722727D02D00AF54A7 /* ModuleSavings */ = {
			isa = PBXGroup;
			children = (
				19EDF0862727D45600AF54A7 /* SavingList */,
				19EDF0852727D3D900AF54A7 /* SavingsDetail */,
				19EDF0772727D06F00AF54A7 /* SavingsHistory */,
				19EDF0762727D05F00AF54A7 /* SavingsAdd */,
			);
			path = ModuleSavings;
			sourceTree = "<group>";
		};
		19EDF0732727D03300AF54A7 /* BudgetAdd */ = {
			isa = PBXGroup;
			children = (
			);
			path = BudgetAdd;
			sourceTree = "<group>";
		};
		19EDF0742727D03D00AF54A7 /* BudgetList */ = {
			isa = PBXGroup;
			children = (
				19EDF0AB27283E5500AF54A7 /* OtherBudget.storyboard */,
				F9838B902730EF130038D041 /* OtherBudgetViewController.swift */,
			);
			path = BudgetList;
			sourceTree = "<group>";
		};
		19EDF0752727D05600AF54A7 /* ModuleWishlist */ = {
			isa = PBXGroup;
			children = (
				19EDF08A2727D48700AF54A7 /* WishlistDetail */,
				19EDF0892727D47D00AF54A7 /* Purchase */,
				19EDF0882727D47600AF54A7 /* WishList */,
			);
			path = ModuleWishlist;
			sourceTree = "<group>";
		};
		19EDF0762727D05F00AF54A7 /* SavingsAdd */ = {
			isa = PBXGroup;
			children = (
			);
			path = SavingsAdd;
			sourceTree = "<group>";
		};
		19EDF0772727D06F00AF54A7 /* SavingsHistory */ = {
			isa = PBXGroup;
			children = (
			);
			path = SavingsHistory;
			sourceTree = "<group>";
		};
		19EDF0852727D3D900AF54A7 /* SavingsDetail */ = {
			isa = PBXGroup;
			children = (
			);
			path = SavingsDetail;
			sourceTree = "<group>";
		};
		19EDF0862727D45600AF54A7 /* SavingList */ = {
			isa = PBXGroup;
			children = (
				19EDF0A627283E1400AF54A7 /* Savings.storyboard */,
				07D094FD27285A6200DD0716 /* SavingsViewController.swift */,
			);
			path = SavingList;
			sourceTree = "<group>";
		};
		19EDF0882727D47600AF54A7 /* WishList */ = {
			isa = PBXGroup;
			children = (
				19EDF0A927283E3400AF54A7 /* Wishlist.storyboard */,
				193D48FE2728EFC300F46C30 /* WishListViewController.swift */,
				193D4905272923B100F46C30 /* WishListViewModel.swift */,
			);
			path = WishList;
			sourceTree = "<group>";
		};
		19EDF0892727D47D00AF54A7 /* Purchase */ = {
			isa = PBXGroup;
			children = (
				C6974C46272BAEE2007EA0C7 /* PurchaseProduct */,
				19EDF0912727D77A00AF54A7 /* PurchaseOverview */,
				19EDF08F2727D70700AF54A7 /* PurchaseOtherBudgetAllocation */,
				19EDF08D2727D6BC00AF54A7 /* PurchaseSameItem */,
				19EDF08C2727D6B200AF54A7 /* PurchaseCategory */,
				19EDF08B2727D6A200AF54A7 /* PurchaseAdd */,
			);
			path = Purchase;
			sourceTree = "<group>";
		};
		19EDF08A2727D48700AF54A7 /* WishlistDetail */ = {
			isa = PBXGroup;
			children = (
				C63E3341272A89C500A08D06 /* WishlistDetailView.swift */,
				C63E333F272A89C500A08D06 /* WishlistDetailViewController.swift */,
				C63E3340272A89C500A08D06 /* WishlistDetailViewModel.swift */,
			);
			path = WishlistDetail;
			sourceTree = "<group>";
		};
		19EDF08B2727D6A200AF54A7 /* PurchaseAdd */ = {
			isa = PBXGroup;
			children = (
				F9E596752728FDF200F37B9A /* PurchaseAdd.storyboard */,
				F9681CB8272A21C500941894 /* PurchaseAddView.swift */,
			);
			path = PurchaseAdd;
			sourceTree = "<group>";
		};
		19EDF08C2727D6B200AF54A7 /* PurchaseCategory */ = {
			isa = PBXGroup;
			children = (
				F9681CBE272AAD4000941894 /* PurchaseCategory.storyboard */,
				F9681CC0272AADD100941894 /* PurchaseCategoryView.swift */,
			);
			path = PurchaseCategory;
			sourceTree = "<group>";
		};
		19EDF08D2727D6BC00AF54A7 /* PurchaseSameItem */ = {
			isa = PBXGroup;
			children = (
				076669F4272C3D8700C02B20 /* PurchaseSameItemViewController.swift */,
				076669F6272C3D9800C02B20 /* PurchaseSameItem.storyboard */,
			);
			path = PurchaseSameItem;
			sourceTree = "<group>";
		};
		19EDF08F2727D70700AF54A7 /* PurchaseOtherBudgetAllocation */ = {
			isa = PBXGroup;
			children = (
				1942C9C5272C4B8900E76586 /* BudgetAllocationTableView */,
				190EA0A5272B909600479D32 /* InsufficientAmountView */,
				190EA0A1272B8F5300479D32 /* PurchaseOtherBudgetAllocation.storyboard */,
				190EA0A3272B8FBB00479D32 /* PurchaseOtherBudgetAllocationViewController.swift */,
				1942C9C8272C4FA700E76586 /* PurchaseOtherBudgetAllocationViewModel.swift */,
			);
			path = PurchaseOtherBudgetAllocation;
			sourceTree = "<group>";
		};
		19EDF0912727D77A00AF54A7 /* PurchaseOverview */ = {
			isa = PBXGroup;
			children = (
				034FD4C8272A92920060F7F4 /* PurchaseOverview.storyboard */,
				034FD4C6272A92800060F7F4 /* PurchaseOrderViewController.swift */,
				034FD4CA272A936E0060F7F4 /* ProductInformationTableViewController.swift */,
				034FD4D5272AAD9D0060F7F4 /* BudgetAllocationOverviewTableViewController.swift */,
			);
			path = PurchaseOverview;
			sourceTree = "<group>";
		};
		19EDF0922727D78B00AF54A7 /* Services */ = {
			isa = PBXGroup;
			children = (
				19EDF0932727D79200AF54A7 /* CoreData */,
			);
			path = Services;
			sourceTree = "<group>";
		};
		19EDF0932727D79200AF54A7 /* CoreData */ = {
			isa = PBXGroup;
			children = (
			);
			path = CoreData;
			sourceTree = "<group>";
		};
		19EDF0942727D79B00AF54A7 /* Common */ = {
			isa = PBXGroup;
			children = (
				076669F8272C40E400C02B20 /* PurchaseSameItemCell */,
				190EA09C272B8A8500479D32 /* PurchaseAllocateBudgetCell */,
				07514018272AEDC000984C4F /* SavingsBudgetCell */,
				078A1B922729100800813423 /* OtherBudgetCell */,
				07D094F22728438300DD0716 /* HobbySavingsCell */,
				034FD4CC272A9C350060F7F4 /* BudgetAllocationTableView */,
				19A7736A2728410000219AE7 /* UICustom */,
				19A773652728401600219AE7 /* WishlistCell */,
				19EDF03C2727CE7300AF54A7 /* AppDelegate.swift */,
				19EDF03E2727CE7300AF54A7 /* SceneDelegate.swift */,
			);
			path = Common;
			sourceTree = "<group>";
		};
		C6974C3D272BABF6007EA0C7 /* Extension */ = {
			isa = PBXGroup;
			children = (
				C6974C3E272BABF6007EA0C7 /* ViewExtension.swift */,
			);
			path = Extension;
			sourceTree = "<group>";
		};
		C6974C46272BAEE2007EA0C7 /* PurchaseProduct */ = {
			isa = PBXGroup;
			children = (
				C6974C40272BAC67007EA0C7 /* PurchaseProductView.swift */,
				C6974C42272BAC7C007EA0C7 /* PurchaseProductViewContoller.swift */,
				C6974C44272BAC87007EA0C7 /* PurchaseProductViewModel.swift */,
				C6974C47272BE734007EA0C7 /* CustomSingleTableViewCell.swift */,
				C6974C49272BF2EC007EA0C7 /* CustomDoubleTableViewCell.swift */,
				C6974C4D272BFA12007EA0C7 /* CustomActionTableViewCell.swift */,
			);
			path = PurchaseProduct;
			sourceTree = "<group>";
		};
/* End PBXGroup section */

/* Begin PBXNativeTarget section */
		19EDF0382727CE7300AF54A7 /* MEGapps */ = {
			isa = PBXNativeTarget;
			buildConfigurationList = 19EDF0662727CE7400AF54A7 /* Build configuration list for PBXNativeTarget "MEGapps" */;
			buildPhases = (
				19EDF0352727CE7300AF54A7 /* Sources */,
				19EDF0362727CE7300AF54A7 /* Frameworks */,
				19EDF0372727CE7300AF54A7 /* Resources */,
				19EDF0952727D7BC00AF54A7 /* ShellScript */,
			);
			buildRules = (
			);
			dependencies = (
			);
			name = MEGapps;
			productName = MEGapps;
			productReference = 19EDF0392727CE7300AF54A7 /* MEGapps.app */;
			productType = "com.apple.product-type.application";
		};
		19EDF0512727CE7400AF54A7 /* MEGappsTests */ = {
			isa = PBXNativeTarget;
			buildConfigurationList = 19EDF0692727CE7400AF54A7 /* Build configuration list for PBXNativeTarget "MEGappsTests" */;
			buildPhases = (
				19EDF04E2727CE7400AF54A7 /* Sources */,
				19EDF04F2727CE7400AF54A7 /* Frameworks */,
				19EDF0502727CE7400AF54A7 /* Resources */,
			);
			buildRules = (
			);
			dependencies = (
				19EDF0542727CE7400AF54A7 /* PBXTargetDependency */,
			);
			name = MEGappsTests;
			productName = MEGappsTests;
			productReference = 19EDF0522727CE7400AF54A7 /* MEGappsTests.xctest */;
			productType = "com.apple.product-type.bundle.unit-test";
		};
		19EDF05B2727CE7400AF54A7 /* MEGappsUITests */ = {
			isa = PBXNativeTarget;
			buildConfigurationList = 19EDF06C2727CE7400AF54A7 /* Build configuration list for PBXNativeTarget "MEGappsUITests" */;
			buildPhases = (
				19EDF0582727CE7400AF54A7 /* Sources */,
				19EDF0592727CE7400AF54A7 /* Frameworks */,
				19EDF05A2727CE7400AF54A7 /* Resources */,
			);
			buildRules = (
			);
			dependencies = (
				19EDF05E2727CE7400AF54A7 /* PBXTargetDependency */,
			);
			name = MEGappsUITests;
			productName = MEGappsUITests;
			productReference = 19EDF05C2727CE7400AF54A7 /* MEGappsUITests.xctest */;
			productType = "com.apple.product-type.bundle.ui-testing";
		};
/* End PBXNativeTarget section */

/* Begin PBXProject section */
		19EDF0312727CE7300AF54A7 /* Project object */ = {
			isa = PBXProject;
			attributes = {
				BuildIndependentTargetsInParallel = 1;
				LastSwiftUpdateCheck = 1300;
				LastUpgradeCheck = 1300;
				TargetAttributes = {
					19EDF0382727CE7300AF54A7 = {
						CreatedOnToolsVersion = 13.0;
					};
					19EDF0512727CE7400AF54A7 = {
						CreatedOnToolsVersion = 13.0;
						TestTargetID = 19EDF0382727CE7300AF54A7;
					};
					19EDF05B2727CE7400AF54A7 = {
						CreatedOnToolsVersion = 13.0;
						TestTargetID = 19EDF0382727CE7300AF54A7;
					};
				};
			};
			buildConfigurationList = 19EDF0342727CE7300AF54A7 /* Build configuration list for PBXProject "MEGapps" */;
			compatibilityVersion = "Xcode 13.0";
			developmentRegion = en;
			hasScannedForEncodings = 0;
			knownRegions = (
				en,
				Base,
			);
			mainGroup = 19EDF0302727CE7300AF54A7;
			productRefGroup = 19EDF03A2727CE7300AF54A7 /* Products */;
			projectDirPath = "";
			projectRoot = "";
			targets = (
				19EDF0382727CE7300AF54A7 /* MEGapps */,
				19EDF0512727CE7400AF54A7 /* MEGappsTests */,
				19EDF05B2727CE7400AF54A7 /* MEGappsUITests */,
			);
		};
/* End PBXProject section */

/* Begin PBXResourcesBuildPhase section */
		19EDF0372727CE7300AF54A7 /* Resources */ = {
			isa = PBXResourcesBuildPhase;
			buildActionMask = 2147483647;
			files = (
				0751401C272AEDF300984C4F /* SavingsBudgetTableViewCell.xib in Resources */,
				078A1B972729113000813423 /* OtherBudgetCellView.xib in Resources */,
				19EDF0AA27283E3400AF54A7 /* Wishlist.storyboard in Resources */,
				078A67DE272B0C2D00B60DF5 /* HobbySavingsCellView.xib in Resources */,
				F9E596762728FDF200F37B9A /* PurchaseAdd.storyboard in Resources */,
				076669F7272C3D9800C02B20 /* PurchaseSameItem.storyboard in Resources */,
				19EDF0A827283E1400AF54A7 /* Savings.storyboard in Resources */,
				034FD4D0272A9C900060F7F4 /* BudgetAllocationTableViewCell.xib in Resources */,
				190EA0A0272B8AB600479D32 /* PurchaseAllocateBudgetTableViewCell.xib in Resources */,
				034FD4C9272A92920060F7F4 /* PurchaseOverview.storyboard in Resources */,
				19EDF04C2727CE7400AF54A7 /* LaunchScreen.storyboard in Resources */,
				F9681CBF272AAD4000941894 /* PurchaseCategory.storyboard in Resources */,
				19EDF0492727CE7400AF54A7 /* Assets.xcassets in Resources */,
				19EDF0AD27283E5500AF54A7 /* OtherBudget.storyboard in Resources */,
				190EA0A2272B8F5300479D32 /* PurchaseOtherBudgetAllocation.storyboard in Resources */,
				F9838B922730FE7F0038D041 /* OtherBudgetTableViewCell.xib in Resources */,
				19EDF0442727CE7300AF54A7 /* Main.storyboard in Resources */,
				19A773692728406300219AE7 /* WishlistTableViewCell.xib in Resources */,
				076669FC272C411F00C02B20 /* PurchaseSameItemTableViewCell.xib in Resources */,
			);
			runOnlyForDeploymentPostprocessing = 0;
		};
		19EDF0502727CE7400AF54A7 /* Resources */ = {
			isa = PBXResourcesBuildPhase;
			buildActionMask = 2147483647;
			files = (
			);
			runOnlyForDeploymentPostprocessing = 0;
		};
		19EDF05A2727CE7400AF54A7 /* Resources */ = {
			isa = PBXResourcesBuildPhase;
			buildActionMask = 2147483647;
			files = (
			);
			runOnlyForDeploymentPostprocessing = 0;
		};
/* End PBXResourcesBuildPhase section */

/* Begin PBXShellScriptBuildPhase section */
		19EDF0952727D7BC00AF54A7 /* ShellScript */ = {
			isa = PBXShellScriptBuildPhase;
			buildActionMask = 2147483647;
			files = (
			);
			inputFileListPaths = (
			);
			inputPaths = (
			);
			outputFileListPaths = (
			);
			outputPaths = (
			);
			runOnlyForDeploymentPostprocessing = 0;
			shellPath = /bin/sh;
			shellScript = "# Type a script or drag a script file from your workspace to insert its path.\nif which swiftlint >/dev/null; then\n  swiftlint\nelse\n  echo \"warning: SwiftLint not installed, download from https://github.com/realm/SwiftLint\"\nfi\n";
		};
/* End PBXShellScriptBuildPhase section */

/* Begin PBXSourcesBuildPhase section */
		19EDF0352727CE7300AF54A7 /* Sources */ = {
			isa = PBXSourcesBuildPhase;
			buildActionMask = 2147483647;
			files = (
				078A67DD272B0ACA00B60DF5 /* HobbySavingsCellView.swift in Sources */,
				078A67DC272B08E800B60DF5 /* WishlistDetailView.swift in Sources */,
				19A773682728406300219AE7 /* WishlistTableViewCell.swift in Sources */,
				F9838B912730EF130038D041 /* OtherBudgetViewController.swift in Sources */,
				076669FB272C411F00C02B20 /* PurchaseSameItemTableViewCell.swift in Sources */,
				076669F5272C3D8700C02B20 /* PurchaseSameItemViewController.swift in Sources */,
				193D48FF2728EFC300F46C30 /* WishListViewController.swift in Sources */,
				C6974C4C272BF83F007EA0C7 /* DoubleClassModel.swift in Sources */,
				C6974C43272BAC7C007EA0C7 /* PurchaseProductViewContoller.swift in Sources */,
				07D094FE27285A6200DD0716 /* SavingsViewController.swift in Sources */,
				C6974C4E272BFA12007EA0C7 /* CustomActionTableViewCell.swift in Sources */,
				19EDF0412727CE7300AF54A7 /* ViewController.swift in Sources */,
				C6974C4A272BF2EC007EA0C7 /* CustomDoubleTableViewCell.swift in Sources */,
				C6974C3F272BABF6007EA0C7 /* ViewExtension.swift in Sources */,
				19EDF0472727CE7300AF54A7 /* MEGapps.xcdatamodeld in Sources */,
				034FD4C7272A92800060F7F4 /* PurchaseOrderViewController.swift in Sources */,
				034FD4D6272AAD9D0060F7F4 /* BudgetAllocationOverviewTableViewController.swift in Sources */,
				034FD4CF272A9C900060F7F4 /* BudgetAllocationTableViewCell.swift in Sources */,
				190EA09F272B8AB600479D32 /* PurchaseAllocateBudgetTableViewCell.swift in Sources */,
				1942C9C7272C4BB400E76586 /* BudgetAllocationTableView.swift in Sources */,
				19EDF03D2727CE7300AF54A7 /* AppDelegate.swift in Sources */,
				1942C9C9272C4FA700E76586 /* PurchaseOtherBudgetAllocationViewModel.swift in Sources */,
				034FD4CB272A936E0060F7F4 /* ProductInformationTableViewController.swift in Sources */,
				193D4909272924B200F46C30 /* WishListCellModel.swift in Sources */,
				F9681CC1272AADD100941894 /* PurchaseCategoryView.swift in Sources */,
				190EA0A7272B90B900479D32 /* InsufficientAmountView.swift in Sources */,
				F9681CB9272A21C500941894 /* PurchaseAddView.swift in Sources */,
				19EDF03D2727CE7300AF54A7 /* AppDelegate.swift in Sources */,
				C6974C48272BE734007EA0C7 /* CustomSingleTableViewCell.swift in Sources */,
				C63E3342272A89C500A08D06 /* WishlistDetailViewController.swift in Sources */,
				193D4906272923B100F46C30 /* WishListViewModel.swift in Sources */,
				C6974C41272BAC67007EA0C7 /* PurchaseProductView.swift in Sources */,
				190EA0A4272B8FBB00479D32 /* PurchaseOtherBudgetAllocationViewController.swift in Sources */,
				C63E3343272A89C500A08D06 /* WishlistDetailViewModel.swift in Sources */,
				19A7736C2728411000219AE7 /* UICustom.swift in Sources */,
				C6974C45272BAC87007EA0C7 /* PurchaseProductViewModel.swift in Sources */,
				07545F7B27296BAB002E422A /* OtherBudgetTableViewCell.swift in Sources */,
				0751401B272AEDF300984C4F /* SavingsBudgetTableViewCell.swift in Sources */,
				19EDF03F2727CE7300AF54A7 /* SceneDelegate.swift in Sources */,
			);
			runOnlyForDeploymentPostprocessing = 0;
		};
		19EDF04E2727CE7400AF54A7 /* Sources */ = {
			isa = PBXSourcesBuildPhase;
			buildActionMask = 2147483647;
			files = (
				19EDF0572727CE7400AF54A7 /* MEGappsTests.swift in Sources */,
			);
			runOnlyForDeploymentPostprocessing = 0;
		};
		19EDF0582727CE7400AF54A7 /* Sources */ = {
			isa = PBXSourcesBuildPhase;
			buildActionMask = 2147483647;
			files = (
				19EDF0632727CE7400AF54A7 /* MEGappsUITestsLaunchTests.swift in Sources */,
				19EDF0612727CE7400AF54A7 /* MEGappsUITests.swift in Sources */,
			);
			runOnlyForDeploymentPostprocessing = 0;
		};
/* End PBXSourcesBuildPhase section */

/* Begin PBXTargetDependency section */
		19EDF0542727CE7400AF54A7 /* PBXTargetDependency */ = {
			isa = PBXTargetDependency;
			target = 19EDF0382727CE7300AF54A7 /* MEGapps */;
			targetProxy = 19EDF0532727CE7400AF54A7 /* PBXContainerItemProxy */;
		};
		19EDF05E2727CE7400AF54A7 /* PBXTargetDependency */ = {
			isa = PBXTargetDependency;
			target = 19EDF0382727CE7300AF54A7 /* MEGapps */;
			targetProxy = 19EDF05D2727CE7400AF54A7 /* PBXContainerItemProxy */;
		};
/* End PBXTargetDependency section */

/* Begin PBXVariantGroup section */
		19EDF0422727CE7300AF54A7 /* Main.storyboard */ = {
			isa = PBXVariantGroup;
			children = (
				19EDF0432727CE7300AF54A7 /* Base */,
			);
			name = Main.storyboard;
			sourceTree = "<group>";
		};
		19EDF04A2727CE7400AF54A7 /* LaunchScreen.storyboard */ = {
			isa = PBXVariantGroup;
			children = (
				19EDF04B2727CE7400AF54A7 /* Base */,
			);
			name = LaunchScreen.storyboard;
			sourceTree = "<group>";
		};
		19EDF0A627283E1400AF54A7 /* Savings.storyboard */ = {
			isa = PBXVariantGroup;
			children = (
				19EDF0A727283E1400AF54A7 /* Base */,
			);
			name = Savings.storyboard;
			sourceTree = "<group>";
		};
		19EDF0AB27283E5500AF54A7 /* OtherBudget.storyboard */ = {
			isa = PBXVariantGroup;
			children = (
				19EDF0AC27283E5500AF54A7 /* Base */,
			);
			name = OtherBudget.storyboard;
			sourceTree = "<group>";
		};
/* End PBXVariantGroup section */

/* Begin XCBuildConfiguration section */
		19EDF0642727CE7400AF54A7 /* Debug */ = {
			isa = XCBuildConfiguration;
			buildSettings = {
				ALWAYS_SEARCH_USER_PATHS = NO;
				CLANG_ANALYZER_NONNULL = YES;
				CLANG_ANALYZER_NUMBER_OBJECT_CONVERSION = YES_AGGRESSIVE;
				CLANG_CXX_LANGUAGE_STANDARD = "gnu++17";
				CLANG_CXX_LIBRARY = "libc++";
				CLANG_ENABLE_MODULES = YES;
				CLANG_ENABLE_OBJC_ARC = YES;
				CLANG_ENABLE_OBJC_WEAK = YES;
				CLANG_WARN_BLOCK_CAPTURE_AUTORELEASING = YES;
				CLANG_WARN_BOOL_CONVERSION = YES;
				CLANG_WARN_COMMA = YES;
				CLANG_WARN_CONSTANT_CONVERSION = YES;
				CLANG_WARN_DEPRECATED_OBJC_IMPLEMENTATIONS = YES;
				CLANG_WARN_DIRECT_OBJC_ISA_USAGE = YES_ERROR;
				CLANG_WARN_DOCUMENTATION_COMMENTS = YES;
				CLANG_WARN_EMPTY_BODY = YES;
				CLANG_WARN_ENUM_CONVERSION = YES;
				CLANG_WARN_INFINITE_RECURSION = YES;
				CLANG_WARN_INT_CONVERSION = YES;
				CLANG_WARN_NON_LITERAL_NULL_CONVERSION = YES;
				CLANG_WARN_OBJC_IMPLICIT_RETAIN_SELF = YES;
				CLANG_WARN_OBJC_LITERAL_CONVERSION = YES;
				CLANG_WARN_OBJC_ROOT_CLASS = YES_ERROR;
				CLANG_WARN_QUOTED_INCLUDE_IN_FRAMEWORK_HEADER = YES;
				CLANG_WARN_RANGE_LOOP_ANALYSIS = YES;
				CLANG_WARN_STRICT_PROTOTYPES = YES;
				CLANG_WARN_SUSPICIOUS_MOVE = YES;
				CLANG_WARN_UNGUARDED_AVAILABILITY = YES_AGGRESSIVE;
				CLANG_WARN_UNREACHABLE_CODE = YES;
				CLANG_WARN__DUPLICATE_METHOD_MATCH = YES;
				COPY_PHASE_STRIP = NO;
				DEBUG_INFORMATION_FORMAT = dwarf;
				ENABLE_STRICT_OBJC_MSGSEND = YES;
				ENABLE_TESTABILITY = YES;
				GCC_C_LANGUAGE_STANDARD = gnu11;
				GCC_DYNAMIC_NO_PIC = NO;
				GCC_NO_COMMON_BLOCKS = YES;
				GCC_OPTIMIZATION_LEVEL = 0;
				GCC_PREPROCESSOR_DEFINITIONS = (
					"DEBUG=1",
					"$(inherited)",
				);
				GCC_WARN_64_TO_32_BIT_CONVERSION = YES;
				GCC_WARN_ABOUT_RETURN_TYPE = YES_ERROR;
				GCC_WARN_UNDECLARED_SELECTOR = YES;
				GCC_WARN_UNINITIALIZED_AUTOS = YES_AGGRESSIVE;
				GCC_WARN_UNUSED_FUNCTION = YES;
				GCC_WARN_UNUSED_VARIABLE = YES;
				IPHONEOS_DEPLOYMENT_TARGET = 15.0;
				MTL_ENABLE_DEBUG_INFO = INCLUDE_SOURCE;
				MTL_FAST_MATH = YES;
				ONLY_ACTIVE_ARCH = YES;
				SDKROOT = iphoneos;
				SWIFT_ACTIVE_COMPILATION_CONDITIONS = DEBUG;
				SWIFT_OPTIMIZATION_LEVEL = "-Onone";
			};
			name = Debug;
		};
		19EDF0652727CE7400AF54A7 /* Release */ = {
			isa = XCBuildConfiguration;
			buildSettings = {
				ALWAYS_SEARCH_USER_PATHS = NO;
				CLANG_ANALYZER_NONNULL = YES;
				CLANG_ANALYZER_NUMBER_OBJECT_CONVERSION = YES_AGGRESSIVE;
				CLANG_CXX_LANGUAGE_STANDARD = "gnu++17";
				CLANG_CXX_LIBRARY = "libc++";
				CLANG_ENABLE_MODULES = YES;
				CLANG_ENABLE_OBJC_ARC = YES;
				CLANG_ENABLE_OBJC_WEAK = YES;
				CLANG_WARN_BLOCK_CAPTURE_AUTORELEASING = YES;
				CLANG_WARN_BOOL_CONVERSION = YES;
				CLANG_WARN_COMMA = YES;
				CLANG_WARN_CONSTANT_CONVERSION = YES;
				CLANG_WARN_DEPRECATED_OBJC_IMPLEMENTATIONS = YES;
				CLANG_WARN_DIRECT_OBJC_ISA_USAGE = YES_ERROR;
				CLANG_WARN_DOCUMENTATION_COMMENTS = YES;
				CLANG_WARN_EMPTY_BODY = YES;
				CLANG_WARN_ENUM_CONVERSION = YES;
				CLANG_WARN_INFINITE_RECURSION = YES;
				CLANG_WARN_INT_CONVERSION = YES;
				CLANG_WARN_NON_LITERAL_NULL_CONVERSION = YES;
				CLANG_WARN_OBJC_IMPLICIT_RETAIN_SELF = YES;
				CLANG_WARN_OBJC_LITERAL_CONVERSION = YES;
				CLANG_WARN_OBJC_ROOT_CLASS = YES_ERROR;
				CLANG_WARN_QUOTED_INCLUDE_IN_FRAMEWORK_HEADER = YES;
				CLANG_WARN_RANGE_LOOP_ANALYSIS = YES;
				CLANG_WARN_STRICT_PROTOTYPES = YES;
				CLANG_WARN_SUSPICIOUS_MOVE = YES;
				CLANG_WARN_UNGUARDED_AVAILABILITY = YES_AGGRESSIVE;
				CLANG_WARN_UNREACHABLE_CODE = YES;
				CLANG_WARN__DUPLICATE_METHOD_MATCH = YES;
				COPY_PHASE_STRIP = NO;
				DEBUG_INFORMATION_FORMAT = "dwarf-with-dsym";
				ENABLE_NS_ASSERTIONS = NO;
				ENABLE_STRICT_OBJC_MSGSEND = YES;
				GCC_C_LANGUAGE_STANDARD = gnu11;
				GCC_NO_COMMON_BLOCKS = YES;
				GCC_WARN_64_TO_32_BIT_CONVERSION = YES;
				GCC_WARN_ABOUT_RETURN_TYPE = YES_ERROR;
				GCC_WARN_UNDECLARED_SELECTOR = YES;
				GCC_WARN_UNINITIALIZED_AUTOS = YES_AGGRESSIVE;
				GCC_WARN_UNUSED_FUNCTION = YES;
				GCC_WARN_UNUSED_VARIABLE = YES;
				IPHONEOS_DEPLOYMENT_TARGET = 15.0;
				MTL_ENABLE_DEBUG_INFO = NO;
				MTL_FAST_MATH = YES;
				SDKROOT = iphoneos;
				SWIFT_COMPILATION_MODE = wholemodule;
				SWIFT_OPTIMIZATION_LEVEL = "-O";
				VALIDATE_PRODUCT = YES;
			};
			name = Release;
		};
		19EDF0672727CE7400AF54A7 /* Debug */ = {
			isa = XCBuildConfiguration;
			buildSettings = {
				ASSETCATALOG_COMPILER_APPICON_NAME = AppIcon;
				ASSETCATALOG_COMPILER_GLOBAL_ACCENT_COLOR_NAME = AccentColor;
				CODE_SIGN_STYLE = Automatic;
				CURRENT_PROJECT_VERSION = 1;
				DEVELOPMENT_TEAM = 282R274LXF;
				GENERATE_INFOPLIST_FILE = YES;
				INFOPLIST_FILE = MEGapps/Info.plist;
				INFOPLIST_KEY_UIApplicationSupportsIndirectInputEvents = YES;
				INFOPLIST_KEY_UILaunchStoryboardName = LaunchScreen;
				INFOPLIST_KEY_UIMainStoryboardFile = Main;
				INFOPLIST_KEY_UISupportedInterfaceOrientations_iPad = "UIInterfaceOrientationPortrait UIInterfaceOrientationPortraitUpsideDown UIInterfaceOrientationLandscapeLeft UIInterfaceOrientationLandscapeRight";
				INFOPLIST_KEY_UISupportedInterfaceOrientations_iPhone = "UIInterfaceOrientationPortrait UIInterfaceOrientationLandscapeLeft UIInterfaceOrientationLandscapeRight";
				LD_RUNPATH_SEARCH_PATHS = (
					"$(inherited)",
					"@executable_path/Frameworks",
				);
				MARKETING_VERSION = 1.0;
				PRODUCT_BUNDLE_IDENTIFIER = Arya.MEGapps;
				PRODUCT_NAME = "$(TARGET_NAME)";
				SWIFT_EMIT_LOC_STRINGS = YES;
				SWIFT_VERSION = 5.0;
				TARGETED_DEVICE_FAMILY = "1,2";
			};
			name = Debug;
		};
		19EDF0682727CE7400AF54A7 /* Release */ = {
			isa = XCBuildConfiguration;
			buildSettings = {
				ASSETCATALOG_COMPILER_APPICON_NAME = AppIcon;
				ASSETCATALOG_COMPILER_GLOBAL_ACCENT_COLOR_NAME = AccentColor;
				CODE_SIGN_STYLE = Automatic;
				CURRENT_PROJECT_VERSION = 1;
				DEVELOPMENT_TEAM = 282R274LXF;
				GENERATE_INFOPLIST_FILE = YES;
				INFOPLIST_FILE = MEGapps/Info.plist;
				INFOPLIST_KEY_UIApplicationSupportsIndirectInputEvents = YES;
				INFOPLIST_KEY_UILaunchStoryboardName = LaunchScreen;
				INFOPLIST_KEY_UIMainStoryboardFile = Main;
				INFOPLIST_KEY_UISupportedInterfaceOrientations_iPad = "UIInterfaceOrientationPortrait UIInterfaceOrientationPortraitUpsideDown UIInterfaceOrientationLandscapeLeft UIInterfaceOrientationLandscapeRight";
				INFOPLIST_KEY_UISupportedInterfaceOrientations_iPhone = "UIInterfaceOrientationPortrait UIInterfaceOrientationLandscapeLeft UIInterfaceOrientationLandscapeRight";
				LD_RUNPATH_SEARCH_PATHS = (
					"$(inherited)",
					"@executable_path/Frameworks",
				);
				MARKETING_VERSION = 1.0;
				PRODUCT_BUNDLE_IDENTIFIER = Arya.MEGapps;
				PRODUCT_NAME = "$(TARGET_NAME)";
				SWIFT_EMIT_LOC_STRINGS = YES;
				SWIFT_VERSION = 5.0;
				TARGETED_DEVICE_FAMILY = "1,2";
			};
			name = Release;
		};
		19EDF06A2727CE7400AF54A7 /* Debug */ = {
			isa = XCBuildConfiguration;
			buildSettings = {
				ALWAYS_EMBED_SWIFT_STANDARD_LIBRARIES = YES;
				BUNDLE_LOADER = "$(TEST_HOST)";
				CODE_SIGN_STYLE = Automatic;
				CURRENT_PROJECT_VERSION = 1;
				GENERATE_INFOPLIST_FILE = YES;
				IPHONEOS_DEPLOYMENT_TARGET = 15.0;
				LD_RUNPATH_SEARCH_PATHS = (
					"$(inherited)",
					"@executable_path/Frameworks",
					"@loader_path/Frameworks",
				);
				MARKETING_VERSION = 1.0;
				PRODUCT_BUNDLE_IDENTIFIER = Arya.MEGappsTests;
				PRODUCT_NAME = "$(TARGET_NAME)";
				SWIFT_EMIT_LOC_STRINGS = NO;
				SWIFT_VERSION = 5.0;
				TARGETED_DEVICE_FAMILY = "1,2";
				TEST_HOST = "$(BUILT_PRODUCTS_DIR)/MEGapps.app/MEGapps";
			};
			name = Debug;
		};
		19EDF06B2727CE7400AF54A7 /* Release */ = {
			isa = XCBuildConfiguration;
			buildSettings = {
				ALWAYS_EMBED_SWIFT_STANDARD_LIBRARIES = YES;
				BUNDLE_LOADER = "$(TEST_HOST)";
				CODE_SIGN_STYLE = Automatic;
				CURRENT_PROJECT_VERSION = 1;
				GENERATE_INFOPLIST_FILE = YES;
				IPHONEOS_DEPLOYMENT_TARGET = 15.0;
				LD_RUNPATH_SEARCH_PATHS = (
					"$(inherited)",
					"@executable_path/Frameworks",
					"@loader_path/Frameworks",
				);
				MARKETING_VERSION = 1.0;
				PRODUCT_BUNDLE_IDENTIFIER = Arya.MEGappsTests;
				PRODUCT_NAME = "$(TARGET_NAME)";
				SWIFT_EMIT_LOC_STRINGS = NO;
				SWIFT_VERSION = 5.0;
				TARGETED_DEVICE_FAMILY = "1,2";
				TEST_HOST = "$(BUILT_PRODUCTS_DIR)/MEGapps.app/MEGapps";
			};
			name = Release;
		};
		19EDF06D2727CE7400AF54A7 /* Debug */ = {
			isa = XCBuildConfiguration;
			buildSettings = {
				ALWAYS_EMBED_SWIFT_STANDARD_LIBRARIES = YES;
				CODE_SIGN_STYLE = Automatic;
				CURRENT_PROJECT_VERSION = 1;
				GENERATE_INFOPLIST_FILE = YES;
				LD_RUNPATH_SEARCH_PATHS = (
					"$(inherited)",
					"@executable_path/Frameworks",
					"@loader_path/Frameworks",
				);
				MARKETING_VERSION = 1.0;
				PRODUCT_BUNDLE_IDENTIFIER = Arya.MEGappsUITests;
				PRODUCT_NAME = "$(TARGET_NAME)";
				SWIFT_EMIT_LOC_STRINGS = NO;
				SWIFT_VERSION = 5.0;
				TARGETED_DEVICE_FAMILY = "1,2";
				TEST_TARGET_NAME = MEGapps;
			};
			name = Debug;
		};
		19EDF06E2727CE7400AF54A7 /* Release */ = {
			isa = XCBuildConfiguration;
			buildSettings = {
				ALWAYS_EMBED_SWIFT_STANDARD_LIBRARIES = YES;
				CODE_SIGN_STYLE = Automatic;
				CURRENT_PROJECT_VERSION = 1;
				GENERATE_INFOPLIST_FILE = YES;
				LD_RUNPATH_SEARCH_PATHS = (
					"$(inherited)",
					"@executable_path/Frameworks",
					"@loader_path/Frameworks",
				);
				MARKETING_VERSION = 1.0;
				PRODUCT_BUNDLE_IDENTIFIER = Arya.MEGappsUITests;
				PRODUCT_NAME = "$(TARGET_NAME)";
				SWIFT_EMIT_LOC_STRINGS = NO;
				SWIFT_VERSION = 5.0;
				TARGETED_DEVICE_FAMILY = "1,2";
				TEST_TARGET_NAME = MEGapps;
			};
			name = Release;
		};
/* End XCBuildConfiguration section */

/* Begin XCConfigurationList section */
		19EDF0342727CE7300AF54A7 /* Build configuration list for PBXProject "MEGapps" */ = {
			isa = XCConfigurationList;
			buildConfigurations = (
				19EDF0642727CE7400AF54A7 /* Debug */,
				19EDF0652727CE7400AF54A7 /* Release */,
			);
			defaultConfigurationIsVisible = 0;
			defaultConfigurationName = Release;
		};
		19EDF0662727CE7400AF54A7 /* Build configuration list for PBXNativeTarget "MEGapps" */ = {
			isa = XCConfigurationList;
			buildConfigurations = (
				19EDF0672727CE7400AF54A7 /* Debug */,
				19EDF0682727CE7400AF54A7 /* Release */,
			);
			defaultConfigurationIsVisible = 0;
			defaultConfigurationName = Release;
		};
		19EDF0692727CE7400AF54A7 /* Build configuration list for PBXNativeTarget "MEGappsTests" */ = {
			isa = XCConfigurationList;
			buildConfigurations = (
				19EDF06A2727CE7400AF54A7 /* Debug */,
				19EDF06B2727CE7400AF54A7 /* Release */,
			);
			defaultConfigurationIsVisible = 0;
			defaultConfigurationName = Release;
		};
		19EDF06C2727CE7400AF54A7 /* Build configuration list for PBXNativeTarget "MEGappsUITests" */ = {
			isa = XCConfigurationList;
			buildConfigurations = (
				19EDF06D2727CE7400AF54A7 /* Debug */,
				19EDF06E2727CE7400AF54A7 /* Release */,
			);
			defaultConfigurationIsVisible = 0;
			defaultConfigurationName = Release;
		};
/* End XCConfigurationList section */

/* Begin XCVersionGroup section */
		19EDF0452727CE7300AF54A7 /* MEGapps.xcdatamodeld */ = {
			isa = XCVersionGroup;
			children = (
				19EDF0462727CE7300AF54A7 /* MEGapps.xcdatamodel */,
			);
			currentVersion = 19EDF0462727CE7300AF54A7 /* MEGapps.xcdatamodel */;
			path = MEGapps.xcdatamodeld;
			sourceTree = "<group>";
			versionGroupType = wrapper.xcdatamodel;
		};
/* End XCVersionGroup section */
	};
	rootObject = 19EDF0312727CE7300AF54A7 /* Project object */;
}
