// !$*UTF8*$!
{
	archiveVersion = 1;
	classes = {
	};
	objectVersion = 55;
	objects = {

/* Begin PBXBuildFile section */
		19EDF03D2727CE7300AF54A7 /* AppDelegate.swift in Sources */ = {isa = PBXBuildFile; fileRef = 19EDF03C2727CE7300AF54A7 /* AppDelegate.swift */; };
		19EDF03F2727CE7300AF54A7 /* SceneDelegate.swift in Sources */ = {isa = PBXBuildFile; fileRef = 19EDF03E2727CE7300AF54A7 /* SceneDelegate.swift */; };
		19EDF0412727CE7300AF54A7 /* ViewController.swift in Sources */ = {isa = PBXBuildFile; fileRef = 19EDF0402727CE7300AF54A7 /* ViewController.swift */; };
		19EDF0442727CE7300AF54A7 /* Main.storyboard in Resources */ = {isa = PBXBuildFile; fileRef = 19EDF0422727CE7300AF54A7 /* Main.storyboard */; };
		19EDF0472727CE7300AF54A7 /* MEGapps.xcdatamodeld in Sources */ = {isa = PBXBuildFile; fileRef = 19EDF0452727CE7300AF54A7 /* MEGapps.xcdatamodeld */; };
		19EDF0492727CE7400AF54A7 /* Assets.xcassets in Resources */ = {isa = PBXBuildFile; fileRef = 19EDF0482727CE7400AF54A7 /* Assets.xcassets */; };
		19EDF04C2727CE7400AF54A7 /* LaunchScreen.storyboard in Resources */ = {isa = PBXBuildFile; fileRef = 19EDF04A2727CE7400AF54A7 /* LaunchScreen.storyboard */; };
		19EDF0572727CE7400AF54A7 /* MEGappsTests.swift in Sources */ = {isa = PBXBuildFile; fileRef = 19EDF0562727CE7400AF54A7 /* MEGappsTests.swift */; };
		19EDF0612727CE7400AF54A7 /* MEGappsUITests.swift in Sources */ = {isa = PBXBuildFile; fileRef = 19EDF0602727CE7400AF54A7 /* MEGappsUITests.swift */; };
		19EDF0632727CE7400AF54A7 /* MEGappsUITestsLaunchTests.swift in Sources */ = {isa = PBXBuildFile; fileRef = 19EDF0622727CE7400AF54A7 /* MEGappsUITestsLaunchTests.swift */; };
/* End PBXBuildFile section */

/* Begin PBXContainerItemProxy section */
		19EDF0532727CE7400AF54A7 /* PBXContainerItemProxy */ = {
			isa = PBXContainerItemProxy;
			containerPortal = 19EDF0312727CE7300AF54A7 /* Project object */;
			proxyType = 1;
			remoteGlobalIDString = 19EDF0382727CE7300AF54A7;
			remoteInfo = MEGapps;
		};
		19EDF05D2727CE7400AF54A7 /* PBXContainerItemProxy */ = {
			isa = PBXContainerItemProxy;
			containerPortal = 19EDF0312727CE7300AF54A7 /* Project object */;
			proxyType = 1;
			remoteGlobalIDString = 19EDF0382727CE7300AF54A7;
			remoteInfo = MEGapps;
		};
/* End PBXContainerItemProxy section */

/* Begin PBXFileReference section */
		19EDF0392727CE7300AF54A7 /* MEGapps.app */ = {isa = PBXFileReference; explicitFileType = wrapper.application; includeInIndex = 0; path = MEGapps.app; sourceTree = BUILT_PRODUCTS_DIR; };
		19EDF03C2727CE7300AF54A7 /* AppDelegate.swift */ = {isa = PBXFileReference; lastKnownFileType = sourcecode.swift; path = AppDelegate.swift; sourceTree = "<group>"; };
		19EDF03E2727CE7300AF54A7 /* SceneDelegate.swift */ = {isa = PBXFileReference; lastKnownFileType = sourcecode.swift; path = SceneDelegate.swift; sourceTree = "<group>"; };
		19EDF0402727CE7300AF54A7 /* ViewController.swift */ = {isa = PBXFileReference; lastKnownFileType = sourcecode.swift; path = ViewController.swift; sourceTree = "<group>"; };
		19EDF0432727CE7300AF54A7 /* Base */ = {isa = PBXFileReference; lastKnownFileType = file.storyboard; name = Base; path = Base.lproj/Main.storyboard; sourceTree = "<group>"; };
		19EDF0462727CE7300AF54A7 /* MEGapps.xcdatamodel */ = {isa = PBXFileReference; lastKnownFileType = wrapper.xcdatamodel; path = MEGapps.xcdatamodel; sourceTree = "<group>"; };
		19EDF0482727CE7400AF54A7 /* Assets.xcassets */ = {isa = PBXFileReference; lastKnownFileType = folder.assetcatalog; path = Assets.xcassets; sourceTree = "<group>"; };
		19EDF04B2727CE7400AF54A7 /* Base */ = {isa = PBXFileReference; lastKnownFileType = file.storyboard; name = Base; path = Base.lproj/LaunchScreen.storyboard; sourceTree = "<group>"; };
		19EDF04D2727CE7400AF54A7 /* Info.plist */ = {isa = PBXFileReference; lastKnownFileType = text.plist.xml; path = Info.plist; sourceTree = "<group>"; };
		19EDF0522727CE7400AF54A7 /* MEGappsTests.xctest */ = {isa = PBXFileReference; explicitFileType = wrapper.cfbundle; includeInIndex = 0; path = MEGappsTests.xctest; sourceTree = BUILT_PRODUCTS_DIR; };
		19EDF0562727CE7400AF54A7 /* MEGappsTests.swift */ = {isa = PBXFileReference; lastKnownFileType = sourcecode.swift; path = MEGappsTests.swift; sourceTree = "<group>"; };
		19EDF05C2727CE7400AF54A7 /* MEGappsUITests.xctest */ = {isa = PBXFileReference; explicitFileType = wrapper.cfbundle; includeInIndex = 0; path = MEGappsUITests.xctest; sourceTree = BUILT_PRODUCTS_DIR; };
		19EDF0602727CE7400AF54A7 /* MEGappsUITests.swift */ = {isa = PBXFileReference; lastKnownFileType = sourcecode.swift; path = MEGappsUITests.swift; sourceTree = "<group>"; };
		19EDF0622727CE7400AF54A7 /* MEGappsUITestsLaunchTests.swift */ = {isa = PBXFileReference; lastKnownFileType = sourcecode.swift; path = MEGappsUITestsLaunchTests.swift; sourceTree = "<group>"; };
/* End PBXFileReference section */

/* Begin PBXFrameworksBuildPhase section */
		19EDF0362727CE7300AF54A7 /* Frameworks */ = {
			isa = PBXFrameworksBuildPhase;
			buildActionMask = 2147483647;
			files = (
			);
			runOnlyForDeploymentPostprocessing = 0;
		};
		19EDF04F2727CE7400AF54A7 /* Frameworks */ = {
			isa = PBXFrameworksBuildPhase;
			buildActionMask = 2147483647;
			files = (
			);
			runOnlyForDeploymentPostprocessing = 0;
		};
		19EDF0592727CE7400AF54A7 /* Frameworks */ = {
			isa = PBXFrameworksBuildPhase;
			buildActionMask = 2147483647;
			files = (
			);
			runOnlyForDeploymentPostprocessing = 0;
		};
/* End PBXFrameworksBuildPhase section */

/* Begin PBXGroup section */
		19EDF0302727CE7300AF54A7 = {
			isa = PBXGroup;
			children = (
				19EDF03B2727CE7300AF54A7 /* MEGapps */,
				19EDF0552727CE7400AF54A7 /* MEGappsTests */,
				19EDF05F2727CE7400AF54A7 /* MEGappsUITests */,
				19EDF03A2727CE7300AF54A7 /* Products */,
			);
			sourceTree = "<group>";
		};
		19EDF03A2727CE7300AF54A7 /* Products */ = {
			isa = PBXGroup;
			children = (
				19EDF0392727CE7300AF54A7 /* MEGapps.app */,
				19EDF0522727CE7400AF54A7 /* MEGappsTests.xctest */,
				19EDF05C2727CE7400AF54A7 /* MEGappsUITests.xctest */,
			);
			name = Products;
			sourceTree = "<group>";
		};
		19EDF03B2727CE7300AF54A7 /* MEGapps */ = {
			isa = PBXGroup;
			children = (
				19EDF0942727D79B00AF54A7 /* Common */,
				19EDF0922727D78B00AF54A7 /* Services */,
				19EDF0752727D05600AF54A7 /* ModuleWishlist */,
				19EDF0722727D02D00AF54A7 /* ModuleSavings */,
				19EDF0702727CFDC00AF54A7 /* ModuleOtherBudget */,
				19EDF06F2727CFD400AF54A7 /* Model */,
				19EDF0402727CE7300AF54A7 /* ViewController.swift */,
				19EDF0422727CE7300AF54A7 /* Main.storyboard */,
				19EDF0482727CE7400AF54A7 /* Assets.xcassets */,
				19EDF04A2727CE7400AF54A7 /* LaunchScreen.storyboard */,
				19EDF04D2727CE7400AF54A7 /* Info.plist */,
				19EDF0452727CE7300AF54A7 /* MEGapps.xcdatamodeld */,
			);
			path = MEGapps;
			sourceTree = "<group>";
		};
		19EDF0552727CE7400AF54A7 /* MEGappsTests */ = {
			isa = PBXGroup;
			children = (
				19EDF0562727CE7400AF54A7 /* MEGappsTests.swift */,
			);
			path = MEGappsTests;
			sourceTree = "<group>";
		};
		19EDF05F2727CE7400AF54A7 /* MEGappsUITests */ = {
			isa = PBXGroup;
			children = (
				19EDF0602727CE7400AF54A7 /* MEGappsUITests.swift */,
				19EDF0622727CE7400AF54A7 /* MEGappsUITestsLaunchTests.swift */,
			);
			path = MEGappsUITests;
			sourceTree = "<group>";
		};
		19EDF06F2727CFD400AF54A7 /* Model */ = {
			isa = PBXGroup;
			children = (
			);
			path = Model;
			sourceTree = "<group>";
		};
		19EDF0702727CFDC00AF54A7 /* ModuleOtherBudget */ = {
			isa = PBXGroup;
			children = (
				19EDF0732727D03300AF54A7 /* BudgetAdd */,
				19EDF0742727D03D00AF54A7 /* BudgetList */,
			);
			path = ModuleOtherBudget;
			sourceTree = "<group>";
		};
		19EDF0722727D02D00AF54A7 /* ModuleSavings */ = {
			isa = PBXGroup;
			children = (
				19EDF0862727D45600AF54A7 /* SavingList */,
				19EDF0852727D3D900AF54A7 /* SavingsDetail */,
				19EDF0772727D06F00AF54A7 /* SavingsHistory */,
				19EDF0762727D05F00AF54A7 /* SavingsAdd */,
			);
			path = ModuleSavings;
			sourceTree = "<group>";
		};
		19EDF0732727D03300AF54A7 /* BudgetAdd */ = {
			isa = PBXGroup;
			children = (
			);
			path = BudgetAdd;
			sourceTree = "<group>";
		};
		19EDF0742727D03D00AF54A7 /* BudgetList */ = {
			isa = PBXGroup;
			children = (
			);
			path = BudgetList;
			sourceTree = "<group>";
		};
		19EDF0752727D05600AF54A7 /* ModuleWishlist */ = {
			isa = PBXGroup;
			children = (
				19EDF08A2727D48700AF54A7 /* WishlistDetail */,
				19EDF0892727D47D00AF54A7 /* Purchase */,
				19EDF0882727D47600AF54A7 /* WishList */,
			);
			path = ModuleWishlist;
			sourceTree = "<group>";
		};
		19EDF0762727D05F00AF54A7 /* SavingsAdd */ = {
			isa = PBXGroup;
			children = (
			);
			path = SavingsAdd;
			sourceTree = "<group>";
		};
		19EDF0772727D06F00AF54A7 /* SavingsHistory */ = {
			isa = PBXGroup;
			children = (
			);
			path = SavingsHistory;
			sourceTree = "<group>";
		};
		19EDF0852727D3D900AF54A7 /* SavingsDetail */ = {
			isa = PBXGroup;
			children = (
			);
			path = SavingsDetail;
			sourceTree = "<group>";
		};
		19EDF0862727D45600AF54A7 /* SavingList */ = {
			isa = PBXGroup;
			children = (
			);
			path = SavingList;
			sourceTree = "<group>";
		};
		19EDF0882727D47600AF54A7 /* WishList */ = {
			isa = PBXGroup;
			children = (
			);
			path = WishList;
			sourceTree = "<group>";
		};
		19EDF0892727D47D00AF54A7 /* Purchase */ = {
			isa = PBXGroup;
			children = (
				19EDF0912727D77A00AF54A7 /* PurchaseOverview */,
				19EDF08F2727D70700AF54A7 /* PurchaseOtherBudgetAllocation */,
				19EDF08E2727D6C900AF54A7 /* PurchaseProduct */,
				19EDF08D2727D6BC00AF54A7 /* PurchaseSameItem */,
				19EDF08C2727D6B200AF54A7 /* PurchaseCategory */,
				19EDF08B2727D6A200AF54A7 /* PurchaseAdd */,
			);
			path = Purchase;
			sourceTree = "<group>";
		};
		19EDF08A2727D48700AF54A7 /* WishlistDetail */ = {
			isa = PBXGroup;
			children = (
			);
			path = WishlistDetail;
			sourceTree = "<group>";
		};
		19EDF08B2727D6A200AF54A7 /* PurchaseAdd */ = {
			isa = PBXGroup;
			children = (
			);
			path = PurchaseAdd;
			sourceTree = "<group>";
		};
		19EDF08C2727D6B200AF54A7 /* PurchaseCategory */ = {
			isa = PBXGroup;
			children = (
			);
			path = PurchaseCategory;
			sourceTree = "<group>";
		};
		19EDF08D2727D6BC00AF54A7 /* PurchaseSameItem */ = {
			isa = PBXGroup;
			children = (
			);
			path = PurchaseSameItem;
			sourceTree = "<group>";
		};
		19EDF08E2727D6C900AF54A7 /* PurchaseProduct */ = {
			isa = PBXGroup;
			children = (
			);
			path = PurchaseProduct;
			sourceTree = "<group>";
		};
		19EDF08F2727D70700AF54A7 /* PurchaseOtherBudgetAllocation */ = {
			isa = PBXGroup;
			children = (
			);
			path = PurchaseOtherBudgetAllocation;
			sourceTree = "<group>";
		};
		19EDF0912727D77A00AF54A7 /* PurchaseOverview */ = {
			isa = PBXGroup;
			children = (
			);
			path = PurchaseOverview;
			sourceTree = "<group>";
		};
		19EDF0922727D78B00AF54A7 /* Services */ = {
			isa = PBXGroup;
			children = (
				19EDF0932727D79200AF54A7 /* CoreData */,
			);
			path = Services;
			sourceTree = "<group>";
		};
		19EDF0932727D79200AF54A7 /* CoreData */ = {
			isa = PBXGroup;
			children = (
			);
			path = CoreData;
			sourceTree = "<group>";
		};
		19EDF0942727D79B00AF54A7 /* Common */ = {
			isa = PBXGroup;
			children = (
				19EDF03C2727CE7300AF54A7 /* AppDelegate.swift */,
				19EDF03E2727CE7300AF54A7 /* SceneDelegate.swift */,
			);
			path = Common;
			sourceTree = "<group>";
		};
/* End PBXGroup section */

/* Begin PBXNativeTarget section */
		19EDF0382727CE7300AF54A7 /* MEGapps */ = {
			isa = PBXNativeTarget;
			buildConfigurationList = 19EDF0662727CE7400AF54A7 /* Build configuration list for PBXNativeTarget "MEGapps" */;
			buildPhases = (
				19EDF0352727CE7300AF54A7 /* Sources */,
				19EDF0362727CE7300AF54A7 /* Frameworks */,
				19EDF0372727CE7300AF54A7 /* Resources */,
				19EDF0952727D7BC00AF54A7 /* ShellScript */,
			);
			buildRules = (
			);
			dependencies = (
			);
			name = MEGapps;
			productName = MEGapps;
			productReference = 19EDF0392727CE7300AF54A7 /* MEGapps.app */;
			productType = "com.apple.product-type.application";
		};
		19EDF0512727CE7400AF54A7 /* MEGappsTests */ = {
			isa = PBXNativeTarget;
			buildConfigurationList = 19EDF0692727CE7400AF54A7 /* Build configuration list for PBXNativeTarget "MEGappsTests" */;
			buildPhases = (
				19EDF04E2727CE7400AF54A7 /* Sources */,
				19EDF04F2727CE7400AF54A7 /* Frameworks */,
				19EDF0502727CE7400AF54A7 /* Resources */,
			);
			buildRules = (
			);
			dependencies = (
				19EDF0542727CE7400AF54A7 /* PBXTargetDependency */,
			);
			name = MEGappsTests;
			productName = MEGappsTests;
			productReference = 19EDF0522727CE7400AF54A7 /* MEGappsTests.xctest */;
			productType = "com.apple.product-type.bundle.unit-test";
		};
		19EDF05B2727CE7400AF54A7 /* MEGappsUITests */ = {
			isa = PBXNativeTarget;
			buildConfigurationList = 19EDF06C2727CE7400AF54A7 /* Build configuration list for PBXNativeTarget "MEGappsUITests" */;
			buildPhases = (
				19EDF0582727CE7400AF54A7 /* Sources */,
				19EDF0592727CE7400AF54A7 /* Frameworks */,
				19EDF05A2727CE7400AF54A7 /* Resources */,
			);
			buildRules = (
			);
			dependencies = (
				19EDF05E2727CE7400AF54A7 /* PBXTargetDependency */,
			);
			name = MEGappsUITests;
			productName = MEGappsUITests;
			productReference = 19EDF05C2727CE7400AF54A7 /* MEGappsUITests.xctest */;
			productType = "com.apple.product-type.bundle.ui-testing";
		};
/* End PBXNativeTarget section */

/* Begin PBXProject section */
		19EDF0312727CE7300AF54A7 /* Project object */ = {
			isa = PBXProject;
			attributes = {
				BuildIndependentTargetsInParallel = 1;
				LastSwiftUpdateCheck = 1300;
				LastUpgradeCheck = 1300;
				TargetAttributes = {
					19EDF0382727CE7300AF54A7 = {
						CreatedOnToolsVersion = 13.0;
					};
					19EDF0512727CE7400AF54A7 = {
						CreatedOnToolsVersion = 13.0;
						TestTargetID = 19EDF0382727CE7300AF54A7;
					};
					19EDF05B2727CE7400AF54A7 = {
						CreatedOnToolsVersion = 13.0;
						TestTargetID = 19EDF0382727CE7300AF54A7;
					};
				};
			};
			buildConfigurationList = 19EDF0342727CE7300AF54A7 /* Build configuration list for PBXProject "MEGapps" */;
			compatibilityVersion = "Xcode 13.0";
			developmentRegion = en;
			hasScannedForEncodings = 0;
			knownRegions = (
				en,
				Base,
			);
			mainGroup = 19EDF0302727CE7300AF54A7;
			productRefGroup = 19EDF03A2727CE7300AF54A7 /* Products */;
			projectDirPath = "";
			projectRoot = "";
			targets = (
				19EDF0382727CE7300AF54A7 /* MEGapps */,
				19EDF0512727CE7400AF54A7 /* MEGappsTests */,
				19EDF05B2727CE7400AF54A7 /* MEGappsUITests */,
			);
		};
/* End PBXProject section */

/* Begin PBXResourcesBuildPhase section */
		19EDF0372727CE7300AF54A7 /* Resources */ = {
			isa = PBXResourcesBuildPhase;
			buildActionMask = 2147483647;
			files = (
				19EDF04C2727CE7400AF54A7 /* LaunchScreen.storyboard in Resources */,
				19EDF0492727CE7400AF54A7 /* Assets.xcassets in Resources */,
				19EDF0442727CE7300AF54A7 /* Main.storyboard in Resources */,
			);
			runOnlyForDeploymentPostprocessing = 0;
		};
		19EDF0502727CE7400AF54A7 /* Resources */ = {
			isa = PBXResourcesBuildPhase;
			buildActionMask = 2147483647;
			files = (
			);
			runOnlyForDeploymentPostprocessing = 0;
		};
		19EDF05A2727CE7400AF54A7 /* Resources */ = {
			isa = PBXResourcesBuildPhase;
			buildActionMask = 2147483647;
			files = (
			);
			runOnlyForDeploymentPostprocessing = 0;
		};
/* End PBXResourcesBuildPhase section */

/* Begin PBXShellScriptBuildPhase section */
		19EDF0952727D7BC00AF54A7 /* ShellScript */ = {
			isa = PBXShellScriptBuildPhase;
			buildActionMask = 2147483647;
			files = (
			);
			inputFileListPaths = (
			);
			inputPaths = (
			);
			outputFileListPaths = (
			);
			outputPaths = (
			);
			runOnlyForDeploymentPostprocessing = 0;
			shellPath = /bin/sh;
			shellScript = "# Type a script or drag a script file from your workspace to insert its path.\nif which swiftlint >/dev/null; then\n  swiftlint\nelse\n  echo \"warning: SwiftLint not installed, download from https://github.com/realm/SwiftLint\"\nfi\n";
		};
/* End PBXShellScriptBuildPhase section */

/* Begin PBXSourcesBuildPhase section */
		19EDF0352727CE7300AF54A7 /* Sources */ = {
			isa = PBXSourcesBuildPhase;
			buildActionMask = 2147483647;
			files = (
				19EDF0412727CE7300AF54A7 /* ViewController.swift in Sources */,
				19EDF0472727CE7300AF54A7 /* MEGapps.xcdatamodeld in Sources */,
				19EDF03D2727CE7300AF54A7 /* AppDelegate.swift in Sources */,
				19EDF03F2727CE7300AF54A7 /* SceneDelegate.swift in Sources */,
			);
			runOnlyForDeploymentPostprocessing = 0;
		};
		19EDF04E2727CE7400AF54A7 /* Sources */ = {
			isa = PBXSourcesBuildPhase;
			buildActionMask = 2147483647;
			files = (
				19EDF0572727CE7400AF54A7 /* MEGappsTests.swift in Sources */,
			);
			runOnlyForDeploymentPostprocessing = 0;
		};
		19EDF0582727CE7400AF54A7 /* Sources */ = {
			isa = PBXSourcesBuildPhase;
			buildActionMask = 2147483647;
			files = (
				19EDF0632727CE7400AF54A7 /* MEGappsUITestsLaunchTests.swift in Sources */,
				19EDF0612727CE7400AF54A7 /* MEGappsUITests.swift in Sources */,
			);
			runOnlyForDeploymentPostprocessing = 0;
		};
/* End PBXSourcesBuildPhase section */

/* Begin PBXTargetDependency section */
		19EDF0542727CE7400AF54A7 /* PBXTargetDependency */ = {
			isa = PBXTargetDependency;
			target = 19EDF0382727CE7300AF54A7 /* MEGapps */;
			targetProxy = 19EDF0532727CE7400AF54A7 /* PBXContainerItemProxy */;
		};
		19EDF05E2727CE7400AF54A7 /* PBXTargetDependency */ = {
			isa = PBXTargetDependency;
			target = 19EDF0382727CE7300AF54A7 /* MEGapps */;
			targetProxy = 19EDF05D2727CE7400AF54A7 /* PBXContainerItemProxy */;
		};
/* End PBXTargetDependency section */

/* Begin PBXVariantGroup section */
		19EDF0422727CE7300AF54A7 /* Main.storyboard */ = {
			isa = PBXVariantGroup;
			children = (
				19EDF0432727CE7300AF54A7 /* Base */,
			);
			name = Main.storyboard;
			sourceTree = "<group>";
		};
		19EDF04A2727CE7400AF54A7 /* LaunchScreen.storyboard */ = {
			isa = PBXVariantGroup;
			children = (
				19EDF04B2727CE7400AF54A7 /* Base */,
			);
			name = LaunchScreen.storyboard;
			sourceTree = "<group>";
		};
/* End PBXVariantGroup section */

/* Begin XCBuildConfiguration section */
		19EDF0642727CE7400AF54A7 /* Debug */ = {
			isa = XCBuildConfiguration;
			buildSettings = {
				ALWAYS_SEARCH_USER_PATHS = NO;
				CLANG_ANALYZER_NONNULL = YES;
				CLANG_ANALYZER_NUMBER_OBJECT_CONVERSION = YES_AGGRESSIVE;
				CLANG_CXX_LANGUAGE_STANDARD = "gnu++17";
				CLANG_CXX_LIBRARY = "libc++";
				CLANG_ENABLE_MODULES = YES;
				CLANG_ENABLE_OBJC_ARC = YES;
				CLANG_ENABLE_OBJC_WEAK = YES;
				CLANG_WARN_BLOCK_CAPTURE_AUTORELEASING = YES;
				CLANG_WARN_BOOL_CONVERSION = YES;
				CLANG_WARN_COMMA = YES;
				CLANG_WARN_CONSTANT_CONVERSION = YES;
				CLANG_WARN_DEPRECATED_OBJC_IMPLEMENTATIONS = YES;
				CLANG_WARN_DIRECT_OBJC_ISA_USAGE = YES_ERROR;
				CLANG_WARN_DOCUMENTATION_COMMENTS = YES;
				CLANG_WARN_EMPTY_BODY = YES;
				CLANG_WARN_ENUM_CONVERSION = YES;
				CLANG_WARN_INFINITE_RECURSION = YES;
				CLANG_WARN_INT_CONVERSION = YES;
				CLANG_WARN_NON_LITERAL_NULL_CONVERSION = YES;
				CLANG_WARN_OBJC_IMPLICIT_RETAIN_SELF = YES;
				CLANG_WARN_OBJC_LITERAL_CONVERSION = YES;
				CLANG_WARN_OBJC_ROOT_CLASS = YES_ERROR;
				CLANG_WARN_QUOTED_INCLUDE_IN_FRAMEWORK_HEADER = YES;
				CLANG_WARN_RANGE_LOOP_ANALYSIS = YES;
				CLANG_WARN_STRICT_PROTOTYPES = YES;
				CLANG_WARN_SUSPICIOUS_MOVE = YES;
				CLANG_WARN_UNGUARDED_AVAILABILITY = YES_AGGRESSIVE;
				CLANG_WARN_UNREACHABLE_CODE = YES;
				CLANG_WARN__DUPLICATE_METHOD_MATCH = YES;
				COPY_PHASE_STRIP = NO;
				DEBUG_INFORMATION_FORMAT = dwarf;
				ENABLE_STRICT_OBJC_MSGSEND = YES;
				ENABLE_TESTABILITY = YES;
				GCC_C_LANGUAGE_STANDARD = gnu11;
				GCC_DYNAMIC_NO_PIC = NO;
				GCC_NO_COMMON_BLOCKS = YES;
				GCC_OPTIMIZATION_LEVEL = 0;
				GCC_PREPROCESSOR_DEFINITIONS = (
					"DEBUG=1",
					"$(inherited)",
				);
				GCC_WARN_64_TO_32_BIT_CONVERSION = YES;
				GCC_WARN_ABOUT_RETURN_TYPE = YES_ERROR;
				GCC_WARN_UNDECLARED_SELECTOR = YES;
				GCC_WARN_UNINITIALIZED_AUTOS = YES_AGGRESSIVE;
				GCC_WARN_UNUSED_FUNCTION = YES;
				GCC_WARN_UNUSED_VARIABLE = YES;
				IPHONEOS_DEPLOYMENT_TARGET = 15.0;
				MTL_ENABLE_DEBUG_INFO = INCLUDE_SOURCE;
				MTL_FAST_MATH = YES;
				ONLY_ACTIVE_ARCH = YES;
				SDKROOT = iphoneos;
				SWIFT_ACTIVE_COMPILATION_CONDITIONS = DEBUG;
				SWIFT_OPTIMIZATION_LEVEL = "-Onone";
			};
			name = Debug;
		};
		19EDF0652727CE7400AF54A7 /* Release */ = {
			isa = XCBuildConfiguration;
			buildSettings = {
				ALWAYS_SEARCH_USER_PATHS = NO;
				CLANG_ANALYZER_NONNULL = YES;
				CLANG_ANALYZER_NUMBER_OBJECT_CONVERSION = YES_AGGRESSIVE;
				CLANG_CXX_LANGUAGE_STANDARD = "gnu++17";
				CLANG_CXX_LIBRARY = "libc++";
				CLANG_ENABLE_MODULES = YES;
				CLANG_ENABLE_OBJC_ARC = YES;
				CLANG_ENABLE_OBJC_WEAK = YES;
				CLANG_WARN_BLOCK_CAPTURE_AUTORELEASING = YES;
				CLANG_WARN_BOOL_CONVERSION = YES;
				CLANG_WARN_COMMA = YES;
				CLANG_WARN_CONSTANT_CONVERSION = YES;
				CLANG_WARN_DEPRECATED_OBJC_IMPLEMENTATIONS = YES;
				CLANG_WARN_DIRECT_OBJC_ISA_USAGE = YES_ERROR;
				CLANG_WARN_DOCUMENTATION_COMMENTS = YES;
				CLANG_WARN_EMPTY_BODY = YES;
				CLANG_WARN_ENUM_CONVERSION = YES;
				CLANG_WARN_INFINITE_RECURSION = YES;
				CLANG_WARN_INT_CONVERSION = YES;
				CLANG_WARN_NON_LITERAL_NULL_CONVERSION = YES;
				CLANG_WARN_OBJC_IMPLICIT_RETAIN_SELF = YES;
				CLANG_WARN_OBJC_LITERAL_CONVERSION = YES;
				CLANG_WARN_OBJC_ROOT_CLASS = YES_ERROR;
				CLANG_WARN_QUOTED_INCLUDE_IN_FRAMEWORK_HEADER = YES;
				CLANG_WARN_RANGE_LOOP_ANALYSIS = YES;
				CLANG_WARN_STRICT_PROTOTYPES = YES;
				CLANG_WARN_SUSPICIOUS_MOVE = YES;
				CLANG_WARN_UNGUARDED_AVAILABILITY = YES_AGGRESSIVE;
				CLANG_WARN_UNREACHABLE_CODE = YES;
				CLANG_WARN__DUPLICATE_METHOD_MATCH = YES;
				COPY_PHASE_STRIP = NO;
				DEBUG_INFORMATION_FORMAT = "dwarf-with-dsym";
				ENABLE_NS_ASSERTIONS = NO;
				ENABLE_STRICT_OBJC_MSGSEND = YES;
				GCC_C_LANGUAGE_STANDARD = gnu11;
				GCC_NO_COMMON_BLOCKS = YES;
				GCC_WARN_64_TO_32_BIT_CONVERSION = YES;
				GCC_WARN_ABOUT_RETURN_TYPE = YES_ERROR;
				GCC_WARN_UNDECLARED_SELECTOR = YES;
				GCC_WARN_UNINITIALIZED_AUTOS = YES_AGGRESSIVE;
				GCC_WARN_UNUSED_FUNCTION = YES;
				GCC_WARN_UNUSED_VARIABLE = YES;
				IPHONEOS_DEPLOYMENT_TARGET = 15.0;
				MTL_ENABLE_DEBUG_INFO = NO;
				MTL_FAST_MATH = YES;
				SDKROOT = iphoneos;
				SWIFT_COMPILATION_MODE = wholemodule;
				SWIFT_OPTIMIZATION_LEVEL = "-O";
				VALIDATE_PRODUCT = YES;
			};
			name = Release;
		};
		19EDF0672727CE7400AF54A7 /* Debug */ = {
			isa = XCBuildConfiguration;
			buildSettings = {
				ASSETCATALOG_COMPILER_APPICON_NAME = AppIcon;
				ASSETCATALOG_COMPILER_GLOBAL_ACCENT_COLOR_NAME = AccentColor;
				CODE_SIGN_STYLE = Automatic;
				CURRENT_PROJECT_VERSION = 1;
				DEVELOPMENT_TEAM = 282R274LXF;
				GENERATE_INFOPLIST_FILE = YES;
				INFOPLIST_FILE = MEGapps/Info.plist;
				INFOPLIST_KEY_UIApplicationSupportsIndirectInputEvents = YES;
				INFOPLIST_KEY_UILaunchStoryboardName = LaunchScreen;
				INFOPLIST_KEY_UIMainStoryboardFile = Main;
				INFOPLIST_KEY_UISupportedInterfaceOrientations_iPad = "UIInterfaceOrientationPortrait UIInterfaceOrientationPortraitUpsideDown UIInterfaceOrientationLandscapeLeft UIInterfaceOrientationLandscapeRight";
				INFOPLIST_KEY_UISupportedInterfaceOrientations_iPhone = "UIInterfaceOrientationPortrait UIInterfaceOrientationLandscapeLeft UIInterfaceOrientationLandscapeRight";
				LD_RUNPATH_SEARCH_PATHS = (
					"$(inherited)",
					"@executable_path/Frameworks",
				);
				MARKETING_VERSION = 1.0;
				PRODUCT_BUNDLE_IDENTIFIER = Arya.MEGapps;
				PRODUCT_NAME = "$(TARGET_NAME)";
				SWIFT_EMIT_LOC_STRINGS = YES;
				SWIFT_VERSION = 5.0;
				TARGETED_DEVICE_FAMILY = "1,2";
			};
			name = Debug;
		};
		19EDF0682727CE7400AF54A7 /* Release */ = {
			isa = XCBuildConfiguration;
			buildSettings = {
				ASSETCATALOG_COMPILER_APPICON_NAME = AppIcon;
				ASSETCATALOG_COMPILER_GLOBAL_ACCENT_COLOR_NAME = AccentColor;
				CODE_SIGN_STYLE = Automatic;
				CURRENT_PROJECT_VERSION = 1;
				DEVELOPMENT_TEAM = 282R274LXF;
				GENERATE_INFOPLIST_FILE = YES;
				INFOPLIST_FILE = MEGapps/Info.plist;
				INFOPLIST_KEY_UIApplicationSupportsIndirectInputEvents = YES;
				INFOPLIST_KEY_UILaunchStoryboardName = LaunchScreen;
				INFOPLIST_KEY_UIMainStoryboardFile = Main;
				INFOPLIST_KEY_UISupportedInterfaceOrientations_iPad = "UIInterfaceOrientationPortrait UIInterfaceOrientationPortraitUpsideDown UIInterfaceOrientationLandscapeLeft UIInterfaceOrientationLandscapeRight";
				INFOPLIST_KEY_UISupportedInterfaceOrientations_iPhone = "UIInterfaceOrientationPortrait UIInterfaceOrientationLandscapeLeft UIInterfaceOrientationLandscapeRight";
				LD_RUNPATH_SEARCH_PATHS = (
					"$(inherited)",
					"@executable_path/Frameworks",
				);
				MARKETING_VERSION = 1.0;
				PRODUCT_BUNDLE_IDENTIFIER = Arya.MEGapps;
				PRODUCT_NAME = "$(TARGET_NAME)";
				SWIFT_EMIT_LOC_STRINGS = YES;
				SWIFT_VERSION = 5.0;
				TARGETED_DEVICE_FAMILY = "1,2";
			};
			name = Release;
		};
		19EDF06A2727CE7400AF54A7 /* Debug */ = {
			isa = XCBuildConfiguration;
			buildSettings = {
				ALWAYS_EMBED_SWIFT_STANDARD_LIBRARIES = YES;
				BUNDLE_LOADER = "$(TEST_HOST)";
				CODE_SIGN_STYLE = Automatic;
				CURRENT_PROJECT_VERSION = 1;
				GENERATE_INFOPLIST_FILE = YES;
				IPHONEOS_DEPLOYMENT_TARGET = 15.0;
				LD_RUNPATH_SEARCH_PATHS = (
					"$(inherited)",
					"@executable_path/Frameworks",
					"@loader_path/Frameworks",
				);
				MARKETING_VERSION = 1.0;
				PRODUCT_BUNDLE_IDENTIFIER = Arya.MEGappsTests;
				PRODUCT_NAME = "$(TARGET_NAME)";
				SWIFT_EMIT_LOC_STRINGS = NO;
				SWIFT_VERSION = 5.0;
				TARGETED_DEVICE_FAMILY = "1,2";
				TEST_HOST = "$(BUILT_PRODUCTS_DIR)/MEGapps.app/MEGapps";
			};
			name = Debug;
		};
		19EDF06B2727CE7400AF54A7 /* Release */ = {
			isa = XCBuildConfiguration;
			buildSettings = {
				ALWAYS_EMBED_SWIFT_STANDARD_LIBRARIES = YES;
				BUNDLE_LOADER = "$(TEST_HOST)";
				CODE_SIGN_STYLE = Automatic;
				CURRENT_PROJECT_VERSION = 1;
				GENERATE_INFOPLIST_FILE = YES;
				IPHONEOS_DEPLOYMENT_TARGET = 15.0;
				LD_RUNPATH_SEARCH_PATHS = (
					"$(inherited)",
					"@executable_path/Frameworks",
					"@loader_path/Frameworks",
				);
				MARKETING_VERSION = 1.0;
				PRODUCT_BUNDLE_IDENTIFIER = Arya.MEGappsTests;
				PRODUCT_NAME = "$(TARGET_NAME)";
				SWIFT_EMIT_LOC_STRINGS = NO;
				SWIFT_VERSION = 5.0;
				TARGETED_DEVICE_FAMILY = "1,2";
				TEST_HOST = "$(BUILT_PRODUCTS_DIR)/MEGapps.app/MEGapps";
			};
			name = Release;
		};
		19EDF06D2727CE7400AF54A7 /* Debug */ = {
			isa = XCBuildConfiguration;
			buildSettings = {
				ALWAYS_EMBED_SWIFT_STANDARD_LIBRARIES = YES;
				CODE_SIGN_STYLE = Automatic;
				CURRENT_PROJECT_VERSION = 1;
				GENERATE_INFOPLIST_FILE = YES;
				LD_RUNPATH_SEARCH_PATHS = (
					"$(inherited)",
					"@executable_path/Frameworks",
					"@loader_path/Frameworks",
				);
				MARKETING_VERSION = 1.0;
				PRODUCT_BUNDLE_IDENTIFIER = Arya.MEGappsUITests;
				PRODUCT_NAME = "$(TARGET_NAME)";
				SWIFT_EMIT_LOC_STRINGS = NO;
				SWIFT_VERSION = 5.0;
				TARGETED_DEVICE_FAMILY = "1,2";
				TEST_TARGET_NAME = MEGapps;
			};
			name = Debug;
		};
		19EDF06E2727CE7400AF54A7 /* Release */ = {
			isa = XCBuildConfiguration;
			buildSettings = {
				ALWAYS_EMBED_SWIFT_STANDARD_LIBRARIES = YES;
				CODE_SIGN_STYLE = Automatic;
				CURRENT_PROJECT_VERSION = 1;
				GENERATE_INFOPLIST_FILE = YES;
				LD_RUNPATH_SEARCH_PATHS = (
					"$(inherited)",
					"@executable_path/Frameworks",
					"@loader_path/Frameworks",
				);
				MARKETING_VERSION = 1.0;
				PRODUCT_BUNDLE_IDENTIFIER = Arya.MEGappsUITests;
				PRODUCT_NAME = "$(TARGET_NAME)";
				SWIFT_EMIT_LOC_STRINGS = NO;
				SWIFT_VERSION = 5.0;
				TARGETED_DEVICE_FAMILY = "1,2";
				TEST_TARGET_NAME = MEGapps;
			};
			name = Release;
		};
/* End XCBuildConfiguration section */

/* Begin XCConfigurationList section */
		19EDF0342727CE7300AF54A7 /* Build configuration list for PBXProject "MEGapps" */ = {
			isa = XCConfigurationList;
			buildConfigurations = (
				19EDF0642727CE7400AF54A7 /* Debug */,
				19EDF0652727CE7400AF54A7 /* Release */,
			);
			defaultConfigurationIsVisible = 0;
			defaultConfigurationName = Release;
		};
		19EDF0662727CE7400AF54A7 /* Build configuration list for PBXNativeTarget "MEGapps" */ = {
			isa = XCConfigurationList;
			buildConfigurations = (
				19EDF0672727CE7400AF54A7 /* Debug */,
				19EDF0682727CE7400AF54A7 /* Release */,
			);
			defaultConfigurationIsVisible = 0;
			defaultConfigurationName = Release;
		};
		19EDF0692727CE7400AF54A7 /* Build configuration list for PBXNativeTarget "MEGappsTests" */ = {
			isa = XCConfigurationList;
			buildConfigurations = (
				19EDF06A2727CE7400AF54A7 /* Debug */,
				19EDF06B2727CE7400AF54A7 /* Release */,
			);
			defaultConfigurationIsVisible = 0;
			defaultConfigurationName = Release;
		};
		19EDF06C2727CE7400AF54A7 /* Build configuration list for PBXNativeTarget "MEGappsUITests" */ = {
			isa = XCConfigurationList;
			buildConfigurations = (
				19EDF06D2727CE7400AF54A7 /* Debug */,
				19EDF06E2727CE7400AF54A7 /* Release */,
			);
			defaultConfigurationIsVisible = 0;
			defaultConfigurationName = Release;
		};
/* End XCConfigurationList section */

/* Begin XCVersionGroup section */
		19EDF0452727CE7300AF54A7 /* MEGapps.xcdatamodeld */ = {
			isa = XCVersionGroup;
			children = (
				19EDF0462727CE7300AF54A7 /* MEGapps.xcdatamodel */,
			);
			currentVersion = 19EDF0462727CE7300AF54A7 /* MEGapps.xcdatamodel */;
			path = MEGapps.xcdatamodeld;
			sourceTree = "<group>";
			versionGroupType = wrapper.xcdatamodel;
		};
/* End XCVersionGroup section */
	};
	rootObject = 19EDF0312727CE7300AF54A7 /* Project object */;
}
